// !$*UTF8*$!
{
	archiveVersion = 1;
	classes = {
	};
	objectVersion = 56;
	objects = {

/* Begin PBXBuildFile section */
		4831B3B12AB17D480018D46C /* AppDelegate.swift in Sources */ = {isa = PBXBuildFile; fileRef = 4831B3B02AB17D480018D46C /* AppDelegate.swift */; };
		4831B3B32AB17D480018D46C /* SceneDelegate.swift in Sources */ = {isa = PBXBuildFile; fileRef = 4831B3B22AB17D480018D46C /* SceneDelegate.swift */; };
		4831B3B52AB17D480018D46C /* ViewController.swift in Sources */ = {isa = PBXBuildFile; fileRef = 4831B3B42AB17D480018D46C /* ViewController.swift */; };
		4831B3B82AB17D480018D46C /* Main.storyboard in Resources */ = {isa = PBXBuildFile; fileRef = 4831B3B62AB17D480018D46C /* Main.storyboard */; };
		4831B3BA2AB17D490018D46C /* Assets.xcassets in Resources */ = {isa = PBXBuildFile; fileRef = 4831B3B92AB17D490018D46C /* Assets.xcassets */; };
		4831B3BD2AB17D490018D46C /* LaunchScreen.storyboard in Resources */ = {isa = PBXBuildFile; fileRef = 4831B3BB2AB17D490018D46C /* LaunchScreen.storyboard */; };
		4831B3C62AB17D6D0018D46C /* SnapKit in Frameworks */ = {isa = PBXBuildFile; productRef = 4831B3C52AB17D6D0018D46C /* SnapKit */; };
		4831B3C92AB17D800018D46C /* Observable.swift in Sources */ = {isa = PBXBuildFile; fileRef = 4831B3C82AB17D800018D46C /* Observable.swift */; };
		4831B3CB2AB17E310018D46C /* CalculateViewModel.swift in Sources */ = {isa = PBXBuildFile; fileRef = 4831B3CA2AB17E310018D46C /* CalculateViewModel.swift */; };
		4831B3CD2AB17E390018D46C /* CalculateViewController.swift in Sources */ = {isa = PBXBuildFile; fileRef = 4831B3CC2AB17E390018D46C /* CalculateViewController.swift */; };
		4831B3D02AB1854B0018D46C /* LottoViewModel.swift in Sources */ = {isa = PBXBuildFile; fileRef = 4831B3CF2AB1854B0018D46C /* LottoViewModel.swift */; };
		4831B3D22AB185510018D46C /* LottoViewController.swift in Sources */ = {isa = PBXBuildFile; fileRef = 4831B3D12AB185510018D46C /* LottoViewController.swift */; };
		4831B3D52AB188D60018D46C /* Alamofire in Frameworks */ = {isa = PBXBuildFile; productRef = 4831B3D42AB188D60018D46C /* Alamofire */; };
/* End PBXBuildFile section */

/* Begin PBXFileReference section */
		4831B3AD2AB17D480018D46C /* 0913hw.app */ = {isa = PBXFileReference; explicitFileType = wrapper.application; includeInIndex = 0; path = 0913hw.app; sourceTree = BUILT_PRODUCTS_DIR; };
		4831B3B02AB17D480018D46C /* AppDelegate.swift */ = {isa = PBXFileReference; lastKnownFileType = sourcecode.swift; path = AppDelegate.swift; sourceTree = "<group>"; };
		4831B3B22AB17D480018D46C /* SceneDelegate.swift */ = {isa = PBXFileReference; lastKnownFileType = sourcecode.swift; path = SceneDelegate.swift; sourceTree = "<group>"; };
		4831B3B42AB17D480018D46C /* ViewController.swift */ = {isa = PBXFileReference; lastKnownFileType = sourcecode.swift; path = ViewController.swift; sourceTree = "<group>"; };
		4831B3B72AB17D480018D46C /* Base */ = {isa = PBXFileReference; lastKnownFileType = file.storyboard; name = Base; path = Base.lproj/Main.storyboard; sourceTree = "<group>"; };
		4831B3B92AB17D490018D46C /* Assets.xcassets */ = {isa = PBXFileReference; lastKnownFileType = folder.assetcatalog; path = Assets.xcassets; sourceTree = "<group>"; };
		4831B3BC2AB17D490018D46C /* Base */ = {isa = PBXFileReference; lastKnownFileType = file.storyboard; name = Base; path = Base.lproj/LaunchScreen.storyboard; sourceTree = "<group>"; };
		4831B3BE2AB17D490018D46C /* Info.plist */ = {isa = PBXFileReference; lastKnownFileType = text.plist.xml; path = Info.plist; sourceTree = "<group>"; };
		4831B3C82AB17D800018D46C /* Observable.swift */ = {isa = PBXFileReference; lastKnownFileType = sourcecode.swift; path = Observable.swift; sourceTree = "<group>"; };
		4831B3CA2AB17E310018D46C /* CalculateViewModel.swift */ = {isa = PBXFileReference; lastKnownFileType = sourcecode.swift; path = CalculateViewModel.swift; sourceTree = "<group>"; };
		4831B3CC2AB17E390018D46C /* CalculateViewController.swift */ = {isa = PBXFileReference; lastKnownFileType = sourcecode.swift; path = CalculateViewController.swift; sourceTree = "<group>"; };
		4831B3CF2AB1854B0018D46C /* LottoViewModel.swift */ = {isa = PBXFileReference; lastKnownFileType = sourcecode.swift; path = LottoViewModel.swift; sourceTree = "<group>"; };
		4831B3D12AB185510018D46C /* LottoViewController.swift */ = {isa = PBXFileReference; lastKnownFileType = sourcecode.swift; path = LottoViewController.swift; sourceTree = "<group>"; };
/* End PBXFileReference section */

/* Begin PBXFrameworksBuildPhase section */
		4831B3AA2AB17D480018D46C /* Frameworks */ = {
			isa = PBXFrameworksBuildPhase;
			buildActionMask = 2147483647;
			files = (
				4831B3C62AB17D6D0018D46C /* SnapKit in Frameworks */,
				4831B3D52AB188D60018D46C /* Alamofire in Frameworks */,
			);
			runOnlyForDeploymentPostprocessing = 0;
		};
/* End PBXFrameworksBuildPhase section */

/* Begin PBXGroup section */
		4831B3A42AB17D480018D46C = {
			isa = PBXGroup;
			children = (
				4831B3AF2AB17D480018D46C /* 0913hw */,
				4831B3AE2AB17D480018D46C /* Products */,
			);
			sourceTree = "<group>";
		};
		4831B3AE2AB17D480018D46C /* Products */ = {
			isa = PBXGroup;
			children = (
				4831B3AD2AB17D480018D46C /* 0913hw.app */,
			);
			name = Products;
			sourceTree = "<group>";
		};
		4831B3AF2AB17D480018D46C /* 0913hw */ = {
			isa = PBXGroup;
			children = (
				4831B3CE2AB184F40018D46C /* Lotto */,
				4831B3C72AB17D770018D46C /* Calculate */,
				4831B3B02AB17D480018D46C /* AppDelegate.swift */,
				4831B3B22AB17D480018D46C /* SceneDelegate.swift */,
				4831B3B42AB17D480018D46C /* ViewController.swift */,
				4831B3B62AB17D480018D46C /* Main.storyboard */,
				4831B3B92AB17D490018D46C /* Assets.xcassets */,
				4831B3BB2AB17D490018D46C /* LaunchScreen.storyboard */,
				4831B3BE2AB17D490018D46C /* Info.plist */,
				4831B3C82AB17D800018D46C /* Observable.swift */,
			);
			path = 0913hw;
			sourceTree = "<group>";
		};
		4831B3C72AB17D770018D46C /* Calculate */ = {
			isa = PBXGroup;
			children = (
				4831B3CA2AB17E310018D46C /* CalculateViewModel.swift */,
				4831B3CC2AB17E390018D46C /* CalculateViewController.swift */,
			);
			path = Calculate;
			sourceTree = "<group>";
		};
		4831B3CE2AB184F40018D46C /* Lotto */ = {
			isa = PBXGroup;
			children = (
				4831B3CF2AB1854B0018D46C /* LottoViewModel.swift */,
				4831B3D12AB185510018D46C /* LottoViewController.swift */,
			);
			path = Lotto;
			sourceTree = "<group>";
		};
/* End PBXGroup section */

/* Begin PBXNativeTarget section */
		4831B3AC2AB17D480018D46C /* 0913hw */ = {
			isa = PBXNativeTarget;
			buildConfigurationList = 4831B3C12AB17D490018D46C /* Build configuration list for PBXNativeTarget "0913hw" */;
			buildPhases = (
				4831B3A92AB17D480018D46C /* Sources */,
				4831B3AA2AB17D480018D46C /* Frameworks */,
				4831B3AB2AB17D480018D46C /* Resources */,
			);
			buildRules = (
			);
			dependencies = (
			);
			name = 0913hw;
			packageProductDependencies = (
				4831B3C52AB17D6D0018D46C /* SnapKit */,
				4831B3D42AB188D60018D46C /* Alamofire */,
			);
			productName = 0913hw;
			productReference = 4831B3AD2AB17D480018D46C /* 0913hw.app */;
			productType = "com.apple.product-type.application";
		};
/* End PBXNativeTarget section */

/* Begin PBXProject section */
		4831B3A52AB17D480018D46C /* Project object */ = {
			isa = PBXProject;
			attributes = {
				BuildIndependentTargetsInParallel = 1;
				LastSwiftUpdateCheck = 1430;
				LastUpgradeCheck = 1430;
				TargetAttributes = {
					4831B3AC2AB17D480018D46C = {
						CreatedOnToolsVersion = 14.3.1;
					};
				};
			};
			buildConfigurationList = 4831B3A82AB17D480018D46C /* Build configuration list for PBXProject "0913hw" */;
			compatibilityVersion = "Xcode 14.0";
			developmentRegion = en;
			hasScannedForEncodings = 0;
			knownRegions = (
				en,
				Base,
			);
			mainGroup = 4831B3A42AB17D480018D46C;
			packageReferences = (
				4831B3C42AB17D6D0018D46C /* XCRemoteSwiftPackageReference "SnapKit" */,
				4831B3D32AB188D60018D46C /* XCRemoteSwiftPackageReference "Alamofire" */,
			);
			productRefGroup = 4831B3AE2AB17D480018D46C /* Products */;
			projectDirPath = "";
			projectRoot = "";
			targets = (
				4831B3AC2AB17D480018D46C /* 0913hw */,
			);
		};
/* End PBXProject section */

/* Begin PBXResourcesBuildPhase section */
		4831B3AB2AB17D480018D46C /* Resources */ = {
			isa = PBXResourcesBuildPhase;
			buildActionMask = 2147483647;
			files = (
				4831B3BD2AB17D490018D46C /* LaunchScreen.storyboard in Resources */,
				4831B3BA2AB17D490018D46C /* Assets.xcassets in Resources */,
				4831B3B82AB17D480018D46C /* Main.storyboard in Resources */,
			);
			runOnlyForDeploymentPostprocessing = 0;
		};
/* End PBXResourcesBuildPhase section */

/* Begin PBXSourcesBuildPhase section */
		4831B3A92AB17D480018D46C /* Sources */ = {
			isa = PBXSourcesBuildPhase;
			buildActionMask = 2147483647;
			files = (
				4831B3C92AB17D800018D46C /* Observable.swift in Sources */,
				4831B3D02AB1854B0018D46C /* LottoViewModel.swift in Sources */,
				4831B3B52AB17D480018D46C /* ViewController.swift in Sources */,
				4831B3CB2AB17E310018D46C /* CalculateViewModel.swift in Sources */,
				4831B3B12AB17D480018D46C /* AppDelegate.swift in Sources */,
				4831B3D22AB185510018D46C /* LottoViewController.swift in Sources */,
				4831B3B32AB17D480018D46C /* SceneDelegate.swift in Sources */,
				4831B3CD2AB17E390018D46C /* CalculateViewController.swift in Sources */,
			);
			runOnlyForDeploymentPostprocessing = 0;
		};
/* End PBXSourcesBuildPhase section */

/* Begin PBXVariantGroup section */
		4831B3B62AB17D480018D46C /* Main.storyboard */ = {
			isa = PBXVariantGroup;
			children = (
				4831B3B72AB17D480018D46C /* Base */,
			);
			name = Main.storyboard;
			sourceTree = "<group>";
		};
		4831B3BB2AB17D490018D46C /* LaunchScreen.storyboard */ = {
			isa = PBXVariantGroup;
			children = (
				4831B3BC2AB17D490018D46C /* Base */,
			);
			name = LaunchScreen.storyboard;
			sourceTree = "<group>";
		};
/* End PBXVariantGroup section */

/* Begin XCBuildConfiguration section */
		4831B3BF2AB17D490018D46C /* Debug */ = {
			isa = XCBuildConfiguration;
			buildSettings = {
				ALWAYS_SEARCH_USER_PATHS = NO;
				CLANG_ANALYZER_NONNULL = YES;
				CLANG_ANALYZER_NUMBER_OBJECT_CONVERSION = YES_AGGRESSIVE;
				CLANG_CXX_LANGUAGE_STANDARD = "gnu++20";
				CLANG_ENABLE_MODULES = YES;
				CLANG_ENABLE_OBJC_ARC = YES;
				CLANG_ENABLE_OBJC_WEAK = YES;
				CLANG_WARN_BLOCK_CAPTURE_AUTORELEASING = YES;
				CLANG_WARN_BOOL_CONVERSION = YES;
				CLANG_WARN_COMMA = YES;
				CLANG_WARN_CONSTANT_CONVERSION = YES;
				CLANG_WARN_DEPRECATED_OBJC_IMPLEMENTATIONS = YES;
				CLANG_WARN_DIRECT_OBJC_ISA_USAGE = YES_ERROR;
				CLANG_WARN_DOCUMENTATION_COMMENTS = YES;
				CLANG_WARN_EMPTY_BODY = YES;
				CLANG_WARN_ENUM_CONVERSION = YES;
				CLANG_WARN_INFINITE_RECURSION = YES;
				CLANG_WARN_INT_CONVERSION = YES;
				CLANG_WARN_NON_LITERAL_NULL_CONVERSION = YES;
				CLANG_WARN_OBJC_IMPLICIT_RETAIN_SELF = YES;
				CLANG_WARN_OBJC_LITERAL_CONVERSION = YES;
				CLANG_WARN_OBJC_ROOT_CLASS = YES_ERROR;
				CLANG_WARN_QUOTED_INCLUDE_IN_FRAMEWORK_HEADER = YES;
				CLANG_WARN_RANGE_LOOP_ANALYSIS = YES;
				CLANG_WARN_STRICT_PROTOTYPES = YES;
				CLANG_WARN_SUSPICIOUS_MOVE = YES;
				CLANG_WARN_UNGUARDED_AVAILABILITY = YES_AGGRESSIVE;
				CLANG_WARN_UNREACHABLE_CODE = YES;
				CLANG_WARN__DUPLICATE_METHOD_MATCH = YES;
				COPY_PHASE_STRIP = NO;
				DEBUG_INFORMATION_FORMAT = dwarf;
				ENABLE_STRICT_OBJC_MSGSEND = YES;
				ENABLE_TESTABILITY = YES;
				GCC_C_LANGUAGE_STANDARD = gnu11;
				GCC_DYNAMIC_NO_PIC = NO;
				GCC_NO_COMMON_BLOCKS = YES;
				GCC_OPTIMIZATION_LEVEL = 0;
				GCC_PREPROCESSOR_DEFINITIONS = (
					"DEBUG=1",
					"$(inherited)",
				);
				GCC_WARN_64_TO_32_BIT_CONVERSION = YES;
				GCC_WARN_ABOUT_RETURN_TYPE = YES_ERROR;
				GCC_WARN_UNDECLARED_SELECTOR = YES;
				GCC_WARN_UNINITIALIZED_AUTOS = YES_AGGRESSIVE;
				GCC_WARN_UNUSED_FUNCTION = YES;
				GCC_WARN_UNUSED_VARIABLE = YES;
				IPHONEOS_DEPLOYMENT_TARGET = 16.4;
				MTL_ENABLE_DEBUG_INFO = INCLUDE_SOURCE;
				MTL_FAST_MATH = YES;
				ONLY_ACTIVE_ARCH = YES;
				SDKROOT = iphoneos;
				SWIFT_ACTIVE_COMPILATION_CONDITIONS = DEBUG;
				SWIFT_OPTIMIZATION_LEVEL = "-Onone";
			};
			name = Debug;
		};
		4831B3C02AB17D490018D46C /* Release */ = {
			isa = XCBuildConfiguration;
			buildSettings = {
				ALWAYS_SEARCH_USER_PATHS = NO;
				CLANG_ANALYZER_NONNULL = YES;
				CLANG_ANALYZER_NUMBER_OBJECT_CONVERSION = YES_AGGRESSIVE;
				CLANG_CXX_LANGUAGE_STANDARD = "gnu++20";
				CLANG_ENABLE_MODULES = YES;
				CLANG_ENABLE_OBJC_ARC = YES;
				CLANG_ENABLE_OBJC_WEAK = YES;
				CLANG_WARN_BLOCK_CAPTURE_AUTORELEASING = YES;
				CLANG_WARN_BOOL_CONVERSION = YES;
				CLANG_WARN_COMMA = YES;
				CLANG_WARN_CONSTANT_CONVERSION = YES;
				CLANG_WARN_DEPRECATED_OBJC_IMPLEMENTATIONS = YES;
				CLANG_WARN_DIRECT_OBJC_ISA_USAGE = YES_ERROR;
				CLANG_WARN_DOCUMENTATION_COMMENTS = YES;
				CLANG_WARN_EMPTY_BODY = YES;
				CLANG_WARN_ENUM_CONVERSION = YES;
				CLANG_WARN_INFINITE_RECURSION = YES;
				CLANG_WARN_INT_CONVERSION = YES;
				CLANG_WARN_NON_LITERAL_NULL_CONVERSION = YES;
				CLANG_WARN_OBJC_IMPLICIT_RETAIN_SELF = YES;
				CLANG_WARN_OBJC_LITERAL_CONVERSION = YES;
				CLANG_WARN_OBJC_ROOT_CLASS = YES_ERROR;
				CLANG_WARN_QUOTED_INCLUDE_IN_FRAMEWORK_HEADER = YES;
				CLANG_WARN_RANGE_LOOP_ANALYSIS = YES;
				CLANG_WARN_STRICT_PROTOTYPES = YES;
				CLANG_WARN_SUSPICIOUS_MOVE = YES;
				CLANG_WARN_UNGUARDED_AVAILABILITY = YES_AGGRESSIVE;
				CLANG_WARN_UNREACHABLE_CODE = YES;
				CLANG_WARN__DUPLICATE_METHOD_MATCH = YES;
				COPY_PHASE_STRIP = NO;
				DEBUG_INFORMATION_FORMAT = "dwarf-with-dsym";
				ENABLE_NS_ASSERTIONS = NO;
				ENABLE_STRICT_OBJC_MSGSEND = YES;
				GCC_C_LANGUAGE_STANDARD = gnu11;
				GCC_NO_COMMON_BLOCKS = YES;
				GCC_WARN_64_TO_32_BIT_CONVERSION = YES;
				GCC_WARN_ABOUT_RETURN_TYPE = YES_ERROR;
				GCC_WARN_UNDECLARED_SELECTOR = YES;
				GCC_WARN_UNINITIALIZED_AUTOS = YES_AGGRESSIVE;
				GCC_WARN_UNUSED_FUNCTION = YES;
				GCC_WARN_UNUSED_VARIABLE = YES;
				IPHONEOS_DEPLOYMENT_TARGET = 16.4;
				MTL_ENABLE_DEBUG_INFO = NO;
				MTL_FAST_MATH = YES;
				SDKROOT = iphoneos;
				SWIFT_COMPILATION_MODE = wholemodule;
				SWIFT_OPTIMIZATION_LEVEL = "-O";
				VALIDATE_PRODUCT = YES;
			};
			name = Release;
		};
		4831B3C22AB17D490018D46C /* Debug */ = {
			isa = XCBuildConfiguration;
			buildSettings = {
				ASSETCATALOG_COMPILER_APPICON_NAME = AppIcon;
				ASSETCATALOG_COMPILER_GLOBAL_ACCENT_COLOR_NAME = AccentColor;
				CODE_SIGN_STYLE = Automatic;
				CURRENT_PROJECT_VERSION = 1;
				DEVELOPMENT_TEAM = 2S9WHYP486;
				GENERATE_INFOPLIST_FILE = YES;
				INFOPLIST_FILE = 0913hw/Info.plist;
				INFOPLIST_KEY_UIApplicationSupportsIndirectInputEvents = YES;
				INFOPLIST_KEY_UILaunchStoryboardName = LaunchScreen;
				INFOPLIST_KEY_UIMainStoryboardFile = Main;
				INFOPLIST_KEY_UISupportedInterfaceOrientations_iPad = "UIInterfaceOrientationPortrait UIInterfaceOrientationPortraitUpsideDown UIInterfaceOrientationLandscapeLeft UIInterfaceOrientationLandscapeRight";
				INFOPLIST_KEY_UISupportedInterfaceOrientations_iPhone = "UIInterfaceOrientationPortrait UIInterfaceOrientationLandscapeLeft UIInterfaceOrientationLandscapeRight";
				IPHONEOS_DEPLOYMENT_TARGET = 15.1;
				LD_RUNPATH_SEARCH_PATHS = (
					"$(inherited)",
					"@executable_path/Frameworks",
				);
				MARKETING_VERSION = 1.0;
				PRODUCT_BUNDLE_IDENTIFIER = "com.noah.-721hw";
				PRODUCT_NAME = "$(TARGET_NAME)";
				SWIFT_EMIT_LOC_STRINGS = YES;
				SWIFT_VERSION = 5.0;
				TARGETED_DEVICE_FAMILY = "1,2";
			};
			name = Debug;
		};
		4831B3C32AB17D490018D46C /* Release */ = {
			isa = XCBuildConfiguration;
			buildSettings = {
				ASSETCATALOG_COMPILER_APPICON_NAME = AppIcon;
				ASSETCATALOG_COMPILER_GLOBAL_ACCENT_COLOR_NAME = AccentColor;
				CODE_SIGN_STYLE = Automatic;
				CURRENT_PROJECT_VERSION = 1;
				DEVELOPMENT_TEAM = 2S9WHYP486;
				GENERATE_INFOPLIST_FILE = YES;
				INFOPLIST_FILE = 0913hw/Info.plist;
				INFOPLIST_KEY_UIApplicationSupportsIndirectInputEvents = YES;
				INFOPLIST_KEY_UILaunchStoryboardName = LaunchScreen;
				INFOPLIST_KEY_UIMainStoryboardFile = Main;
				INFOPLIST_KEY_UISupportedInterfaceOrientations_iPad = "UIInterfaceOrientationPortrait UIInterfaceOrientationPortraitUpsideDown UIInterfaceOrientationLandscapeLeft UIInterfaceOrientationLandscapeRight";
				INFOPLIST_KEY_UISupportedInterfaceOrientations_iPhone = "UIInterfaceOrientationPortrait UIInterfaceOrientationLandscapeLeft UIInterfaceOrientationLandscapeRight";
				IPHONEOS_DEPLOYMENT_TARGET = 15.1;
				LD_RUNPATH_SEARCH_PATHS = (
					"$(inherited)",
					"@executable_path/Frameworks",
				);
				MARKETING_VERSION = 1.0;
				PRODUCT_BUNDLE_IDENTIFIER = "com.noah.-721hw";
				PRODUCT_NAME = "$(TARGET_NAME)";
				SWIFT_EMIT_LOC_STRINGS = YES;
				SWIFT_VERSION = 5.0;
				TARGETED_DEVICE_FAMILY = "1,2";
			};
			name = Release;
		};
/* End XCBuildConfiguration section */

/* Begin XCConfigurationList section */
		4831B3A82AB17D480018D46C /* Build configuration list for PBXProject "0913hw" */ = {
			isa = XCConfigurationList;
			buildConfigurations = (
				4831B3BF2AB17D490018D46C /* Debug */,
				4831B3C02AB17D490018D46C /* Release */,
			);
			defaultConfigurationIsVisible = 0;
			defaultConfigurationName = Release;
		};
		4831B3C12AB17D490018D46C /* Build configuration list for PBXNativeTarget "0913hw" */ = {
			isa = XCConfigurationList;
			buildConfigurations = (
				4831B3C22AB17D490018D46C /* Debug */,
				4831B3C32AB17D490018D46C /* Release */,
			);
			defaultConfigurationIsVisible = 0;
			defaultConfigurationName = Release;
		};
/* End XCConfigurationList section */

/* Begin XCRemoteSwiftPackageReference section */
		4831B3C42AB17D6D0018D46C /* XCRemoteSwiftPackageReference "SnapKit" */ = {
			isa = XCRemoteSwiftPackageReference;
			repositoryURL = "https://github.com/SnapKit/SnapKit";
			requirement = {
				kind = upToNextMajorVersion;
				minimumVersion = 5.0.0;
			};
		};
		4831B3D32AB188D60018D46C /* XCRemoteSwiftPackageReference "Alamofire" */ = {
			isa = XCRemoteSwiftPackageReference;
			repositoryURL = "https://github.com/Alamofire/Alamofire";
			requirement = {
				kind = upToNextMajorVersion;
				minimumVersion = 5.0.0;
			};
		};
/* End XCRemoteSwiftPackageReference section */

/* Begin XCSwiftPackageProductDependency section */
		4831B3C52AB17D6D0018D46C /* SnapKit */ = {
			isa = XCSwiftPackageProductDependency;
			package = 4831B3C42AB17D6D0018D46C /* XCRemoteSwiftPackageReference "SnapKit" */;
			productName = SnapKit;
		};
		4831B3D42AB188D60018D46C /* Alamofire */ = {
			isa = XCSwiftPackageProductDependency;
			package = 4831B3D32AB188D60018D46C /* XCRemoteSwiftPackageReference "Alamofire" */;
			productName = Alamofire;
		};
/* End XCSwiftPackageProductDependency section */
	};
	rootObject = 4831B3A52AB17D480018D46C /* Project object */;
}
