// !$*UTF8*$!
{
	archiveVersion = 1;
	classes = {
	};
	objectVersion = 56;
	objects = {

/* Begin PBXBuildFile section */
		488737092A9878C800B0C503 /* AppDelegate.swift in Sources */ = {isa = PBXBuildFile; fileRef = 488737082A9878C800B0C503 /* AppDelegate.swift */; };
		4887370B2A9878C800B0C503 /* SceneDelegate.swift in Sources */ = {isa = PBXBuildFile; fileRef = 4887370A2A9878C800B0C503 /* SceneDelegate.swift */; };
		4887370D2A9878C800B0C503 /* ViewController.swift in Sources */ = {isa = PBXBuildFile; fileRef = 4887370C2A9878C800B0C503 /* ViewController.swift */; };
		488737102A9878C800B0C503 /* Main.storyboard in Resources */ = {isa = PBXBuildFile; fileRef = 4887370E2A9878C800B0C503 /* Main.storyboard */; };
		488737122A9878CA00B0C503 /* Assets.xcassets in Resources */ = {isa = PBXBuildFile; fileRef = 488737112A9878CA00B0C503 /* Assets.xcassets */; };
		488737152A9878CA00B0C503 /* LaunchScreen.storyboard in Resources */ = {isa = PBXBuildFile; fileRef = 488737132A9878CA00B0C503 /* LaunchScreen.storyboard */; };
		4887371E2A987CD600B0C503 /* OnboardingViewController.swift in Sources */ = {isa = PBXBuildFile; fileRef = 4887371D2A987CD500B0C503 /* OnboardingViewController.swift */; };
		488737202A987D0700B0C503 /* ExtraViewControllers.swift in Sources */ = {isa = PBXBuildFile; fileRef = 4887371F2A987D0700B0C503 /* ExtraViewControllers.swift */; };
		488737232A987DC300B0C503 /* SnapKit in Frameworks */ = {isa = PBXBuildFile; productRef = 488737222A987DC300B0C503 /* SnapKit */; };
		488737262A98844C00B0C503 /* MainViewController.swift in Sources */ = {isa = PBXBuildFile; fileRef = 488737252A98844C00B0C503 /* MainViewController.swift */; };
		488737292A98907100B0C503 /* SkipPagePracticeViewController.swift in Sources */ = {isa = PBXBuildFile; fileRef = 488737282A98907100B0C503 /* SkipPagePracticeViewController.swift */; };
		4887372B2A98969800B0C503 /* SkipDelegate.swift in Sources */ = {isa = PBXBuildFile; fileRef = 4887372A2A98969800B0C503 /* SkipDelegate.swift */; };
/* End PBXBuildFile section */

/* Begin PBXFileReference section */
		488737052A9878C800B0C503 /* 0825hw.app */ = {isa = PBXFileReference; explicitFileType = wrapper.application; includeInIndex = 0; path = 0825hw.app; sourceTree = BUILT_PRODUCTS_DIR; };
		488737082A9878C800B0C503 /* AppDelegate.swift */ = {isa = PBXFileReference; lastKnownFileType = sourcecode.swift; path = AppDelegate.swift; sourceTree = "<group>"; };
		4887370A2A9878C800B0C503 /* SceneDelegate.swift */ = {isa = PBXFileReference; lastKnownFileType = sourcecode.swift; path = SceneDelegate.swift; sourceTree = "<group>"; };
		4887370C2A9878C800B0C503 /* ViewController.swift */ = {isa = PBXFileReference; lastKnownFileType = sourcecode.swift; path = ViewController.swift; sourceTree = "<group>"; };
		4887370F2A9878C800B0C503 /* Base */ = {isa = PBXFileReference; lastKnownFileType = file.storyboard; name = Base; path = Base.lproj/Main.storyboard; sourceTree = "<group>"; };
		488737112A9878CA00B0C503 /* Assets.xcassets */ = {isa = PBXFileReference; lastKnownFileType = folder.assetcatalog; path = Assets.xcassets; sourceTree = "<group>"; };
		488737142A9878CA00B0C503 /* Base */ = {isa = PBXFileReference; lastKnownFileType = file.storyboard; name = Base; path = Base.lproj/LaunchScreen.storyboard; sourceTree = "<group>"; };
		488737162A9878CA00B0C503 /* Info.plist */ = {isa = PBXFileReference; lastKnownFileType = text.plist.xml; path = Info.plist; sourceTree = "<group>"; };
		4887371D2A987CD500B0C503 /* OnboardingViewController.swift */ = {isa = PBXFileReference; lastKnownFileType = sourcecode.swift; path = OnboardingViewController.swift; sourceTree = "<group>"; };
		4887371F2A987D0700B0C503 /* ExtraViewControllers.swift */ = {isa = PBXFileReference; lastKnownFileType = sourcecode.swift; path = ExtraViewControllers.swift; sourceTree = "<group>"; };
		488737252A98844C00B0C503 /* MainViewController.swift */ = {isa = PBXFileReference; lastKnownFileType = sourcecode.swift; path = MainViewController.swift; sourceTree = "<group>"; };
		488737282A98907100B0C503 /* SkipPagePracticeViewController.swift */ = {isa = PBXFileReference; lastKnownFileType = sourcecode.swift; path = SkipPagePracticeViewController.swift; sourceTree = "<group>"; };
		4887372A2A98969800B0C503 /* SkipDelegate.swift */ = {isa = PBXFileReference; lastKnownFileType = sourcecode.swift; path = SkipDelegate.swift; sourceTree = "<group>"; };
/* End PBXFileReference section */

/* Begin PBXFrameworksBuildPhase section */
		488737022A9878C800B0C503 /* Frameworks */ = {
			isa = PBXFrameworksBuildPhase;
			buildActionMask = 2147483647;
			files = (
				488737232A987DC300B0C503 /* SnapKit in Frameworks */,
			);
			runOnlyForDeploymentPostprocessing = 0;
		};
/* End PBXFrameworksBuildPhase section */

/* Begin PBXGroup section */
		488736FC2A9878C800B0C503 = {
			isa = PBXGroup;
			children = (
				488737072A9878C800B0C503 /* 0825hw */,
				488737062A9878C800B0C503 /* Products */,
			);
			sourceTree = "<group>";
		};
		488737062A9878C800B0C503 /* Products */ = {
			isa = PBXGroup;
			children = (
				488737052A9878C800B0C503 /* 0825hw.app */,
			);
			name = Products;
			sourceTree = "<group>";
		};
		488737072A9878C800B0C503 /* 0825hw */ = {
			isa = PBXGroup;
			children = (
				488737272A98905800B0C503 /* PabeViewPractice */,
				488737242A98843600B0C503 /* Main */,
				4887371C2A98790F00B0C503 /* PageViewTest */,
				488737082A9878C800B0C503 /* AppDelegate.swift */,
				4887370A2A9878C800B0C503 /* SceneDelegate.swift */,
				4887370C2A9878C800B0C503 /* ViewController.swift */,
				4887370E2A9878C800B0C503 /* Main.storyboard */,
				488737112A9878CA00B0C503 /* Assets.xcassets */,
				488737132A9878CA00B0C503 /* LaunchScreen.storyboard */,
				488737162A9878CA00B0C503 /* Info.plist */,
			);
			path = 0825hw;
			sourceTree = "<group>";
		};
		4887371C2A98790F00B0C503 /* PageViewTest */ = {
			isa = PBXGroup;
			children = (
				4887371D2A987CD500B0C503 /* OnboardingViewController.swift */,
				4887371F2A987D0700B0C503 /* ExtraViewControllers.swift */,
			);
			path = PageViewTest;
			sourceTree = "<group>";
		};
		488737242A98843600B0C503 /* Main */ = {
			isa = PBXGroup;
			children = (
				488737252A98844C00B0C503 /* MainViewController.swift */,
			);
			path = Main;
			sourceTree = "<group>";
		};
		488737272A98905800B0C503 /* PabeViewPractice */ = {
			isa = PBXGroup;
			children = (
				488737282A98907100B0C503 /* SkipPagePracticeViewController.swift */,
				4887372A2A98969800B0C503 /* SkipDelegate.swift */,
			);
			path = PabeViewPractice;
			sourceTree = "<group>";
		};
/* End PBXGroup section */

/* Begin PBXNativeTarget section */
		488737042A9878C800B0C503 /* 0825hw */ = {
			isa = PBXNativeTarget;
			buildConfigurationList = 488737192A9878CA00B0C503 /* Build configuration list for PBXNativeTarget "0825hw" */;
			buildPhases = (
				488737012A9878C800B0C503 /* Sources */,
				488737022A9878C800B0C503 /* Frameworks */,
				488737032A9878C800B0C503 /* Resources */,
			);
			buildRules = (
			);
			dependencies = (
			);
			name = 0825hw;
			packageProductDependencies = (
				488737222A987DC300B0C503 /* SnapKit */,
			);
			productName = 0825hw;
			productReference = 488737052A9878C800B0C503 /* 0825hw.app */;
			productType = "com.apple.product-type.application";
		};
/* End PBXNativeTarget section */

/* Begin PBXProject section */
		488736FD2A9878C800B0C503 /* Project object */ = {
			isa = PBXProject;
			attributes = {
				BuildIndependentTargetsInParallel = 1;
				LastSwiftUpdateCheck = 1430;
				LastUpgradeCheck = 1430;
				TargetAttributes = {
					488737042A9878C800B0C503 = {
						CreatedOnToolsVersion = 14.3.1;
					};
				};
			};
			buildConfigurationList = 488737002A9878C800B0C503 /* Build configuration list for PBXProject "0825hw" */;
			compatibilityVersion = "Xcode 14.0";
			developmentRegion = en;
			hasScannedForEncodings = 0;
			knownRegions = (
				en,
				Base,
			);
			mainGroup = 488736FC2A9878C800B0C503;
			packageReferences = (
				488737212A987DC300B0C503 /* XCRemoteSwiftPackageReference "SnapKit" */,
			);
			productRefGroup = 488737062A9878C800B0C503 /* Products */;
			projectDirPath = "";
			projectRoot = "";
			targets = (
				488737042A9878C800B0C503 /* 0825hw */,
			);
		};
/* End PBXProject section */

/* Begin PBXResourcesBuildPhase section */
		488737032A9878C800B0C503 /* Resources */ = {
			isa = PBXResourcesBuildPhase;
			buildActionMask = 2147483647;
			files = (
				488737152A9878CA00B0C503 /* LaunchScreen.storyboard in Resources */,
				488737122A9878CA00B0C503 /* Assets.xcassets in Resources */,
				488737102A9878C800B0C503 /* Main.storyboard in Resources */,
			);
			runOnlyForDeploymentPostprocessing = 0;
		};
/* End PBXResourcesBuildPhase section */

/* Begin PBXSourcesBuildPhase section */
		488737012A9878C800B0C503 /* Sources */ = {
			isa = PBXSourcesBuildPhase;
			buildActionMask = 2147483647;
			files = (
				4887370D2A9878C800B0C503 /* ViewController.swift in Sources */,
				488737092A9878C800B0C503 /* AppDelegate.swift in Sources */,
				4887370B2A9878C800B0C503 /* SceneDelegate.swift in Sources */,
				488737262A98844C00B0C503 /* MainViewController.swift in Sources */,
				4887371E2A987CD600B0C503 /* OnboardingViewController.swift in Sources */,
				488737202A987D0700B0C503 /* ExtraViewControllers.swift in Sources */,
				488737292A98907100B0C503 /* SkipPagePracticeViewController.swift in Sources */,
				4887372B2A98969800B0C503 /* SkipDelegate.swift in Sources */,
			);
			runOnlyForDeploymentPostprocessing = 0;
		};
/* End PBXSourcesBuildPhase section */

/* Begin PBXVariantGroup section */
		4887370E2A9878C800B0C503 /* Main.storyboard */ = {
			isa = PBXVariantGroup;
			children = (
				4887370F2A9878C800B0C503 /* Base */,
			);
			name = Main.storyboard;
			sourceTree = "<group>";
		};
		488737132A9878CA00B0C503 /* LaunchScreen.storyboard */ = {
			isa = PBXVariantGroup;
			children = (
				488737142A9878CA00B0C503 /* Base */,
			);
			name = LaunchScreen.storyboard;
			sourceTree = "<group>";
		};
/* End PBXVariantGroup section */

/* Begin XCBuildConfiguration section */
		488737172A9878CA00B0C503 /* Debug */ = {
			isa = XCBuildConfiguration;
			buildSettings = {
				ALWAYS_SEARCH_USER_PATHS = NO;
				CLANG_ANALYZER_NONNULL = YES;
				CLANG_ANALYZER_NUMBER_OBJECT_CONVERSION = YES_AGGRESSIVE;
				CLANG_CXX_LANGUAGE_STANDARD = "gnu++20";
				CLANG_ENABLE_MODULES = YES;
				CLANG_ENABLE_OBJC_ARC = YES;
				CLANG_ENABLE_OBJC_WEAK = YES;
				CLANG_WARN_BLOCK_CAPTURE_AUTORELEASING = YES;
				CLANG_WARN_BOOL_CONVERSION = YES;
				CLANG_WARN_COMMA = YES;
				CLANG_WARN_CONSTANT_CONVERSION = YES;
				CLANG_WARN_DEPRECATED_OBJC_IMPLEMENTATIONS = YES;
				CLANG_WARN_DIRECT_OBJC_ISA_USAGE = YES_ERROR;
				CLANG_WARN_DOCUMENTATION_COMMENTS = YES;
				CLANG_WARN_EMPTY_BODY = YES;
				CLANG_WARN_ENUM_CONVERSION = YES;
				CLANG_WARN_INFINITE_RECURSION = YES;
				CLANG_WARN_INT_CONVERSION = YES;
				CLANG_WARN_NON_LITERAL_NULL_CONVERSION = YES;
				CLANG_WARN_OBJC_IMPLICIT_RETAIN_SELF = YES;
				CLANG_WARN_OBJC_LITERAL_CONVERSION = YES;
				CLANG_WARN_OBJC_ROOT_CLASS = YES_ERROR;
				CLANG_WARN_QUOTED_INCLUDE_IN_FRAMEWORK_HEADER = YES;
				CLANG_WARN_RANGE_LOOP_ANALYSIS = YES;
				CLANG_WARN_STRICT_PROTOTYPES = YES;
				CLANG_WARN_SUSPICIOUS_MOVE = YES;
				CLANG_WARN_UNGUARDED_AVAILABILITY = YES_AGGRESSIVE;
				CLANG_WARN_UNREACHABLE_CODE = YES;
				CLANG_WARN__DUPLICATE_METHOD_MATCH = YES;
				COPY_PHASE_STRIP = NO;
				DEBUG_INFORMATION_FORMAT = dwarf;
				ENABLE_STRICT_OBJC_MSGSEND = YES;
				ENABLE_TESTABILITY = YES;
				GCC_C_LANGUAGE_STANDARD = gnu11;
				GCC_DYNAMIC_NO_PIC = NO;
				GCC_NO_COMMON_BLOCKS = YES;
				GCC_OPTIMIZATION_LEVEL = 0;
				GCC_PREPROCESSOR_DEFINITIONS = (
					"DEBUG=1",
					"$(inherited)",
				);
				GCC_WARN_64_TO_32_BIT_CONVERSION = YES;
				GCC_WARN_ABOUT_RETURN_TYPE = YES_ERROR;
				GCC_WARN_UNDECLARED_SELECTOR = YES;
				GCC_WARN_UNINITIALIZED_AUTOS = YES_AGGRESSIVE;
				GCC_WARN_UNUSED_FUNCTION = YES;
				GCC_WARN_UNUSED_VARIABLE = YES;
				IPHONEOS_DEPLOYMENT_TARGET = 16.4;
				MTL_ENABLE_DEBUG_INFO = INCLUDE_SOURCE;
				MTL_FAST_MATH = YES;
				ONLY_ACTIVE_ARCH = YES;
				SDKROOT = iphoneos;
				SWIFT_ACTIVE_COMPILATION_CONDITIONS = DEBUG;
				SWIFT_OPTIMIZATION_LEVEL = "-Onone";
			};
			name = Debug;
		};
		488737182A9878CA00B0C503 /* Release */ = {
			isa = XCBuildConfiguration;
			buildSettings = {
				ALWAYS_SEARCH_USER_PATHS = NO;
				CLANG_ANALYZER_NONNULL = YES;
				CLANG_ANALYZER_NUMBER_OBJECT_CONVERSION = YES_AGGRESSIVE;
				CLANG_CXX_LANGUAGE_STANDARD = "gnu++20";
				CLANG_ENABLE_MODULES = YES;
				CLANG_ENABLE_OBJC_ARC = YES;
				CLANG_ENABLE_OBJC_WEAK = YES;
				CLANG_WARN_BLOCK_CAPTURE_AUTORELEASING = YES;
				CLANG_WARN_BOOL_CONVERSION = YES;
				CLANG_WARN_COMMA = YES;
				CLANG_WARN_CONSTANT_CONVERSION = YES;
				CLANG_WARN_DEPRECATED_OBJC_IMPLEMENTATIONS = YES;
				CLANG_WARN_DIRECT_OBJC_ISA_USAGE = YES_ERROR;
				CLANG_WARN_DOCUMENTATION_COMMENTS = YES;
				CLANG_WARN_EMPTY_BODY = YES;
				CLANG_WARN_ENUM_CONVERSION = YES;
				CLANG_WARN_INFINITE_RECURSION = YES;
				CLANG_WARN_INT_CONVERSION = YES;
				CLANG_WARN_NON_LITERAL_NULL_CONVERSION = YES;
				CLANG_WARN_OBJC_IMPLICIT_RETAIN_SELF = YES;
				CLANG_WARN_OBJC_LITERAL_CONVERSION = YES;
				CLANG_WARN_OBJC_ROOT_CLASS = YES_ERROR;
				CLANG_WARN_QUOTED_INCLUDE_IN_FRAMEWORK_HEADER = YES;
				CLANG_WARN_RANGE_LOOP_ANALYSIS = YES;
				CLANG_WARN_STRICT_PROTOTYPES = YES;
				CLANG_WARN_SUSPICIOUS_MOVE = YES;
				CLANG_WARN_UNGUARDED_AVAILABILITY = YES_AGGRESSIVE;
				CLANG_WARN_UNREACHABLE_CODE = YES;
				CLANG_WARN__DUPLICATE_METHOD_MATCH = YES;
				COPY_PHASE_STRIP = NO;
				DEBUG_INFORMATION_FORMAT = "dwarf-with-dsym";
				ENABLE_NS_ASSERTIONS = NO;
				ENABLE_STRICT_OBJC_MSGSEND = YES;
				GCC_C_LANGUAGE_STANDARD = gnu11;
				GCC_NO_COMMON_BLOCKS = YES;
				GCC_WARN_64_TO_32_BIT_CONVERSION = YES;
				GCC_WARN_ABOUT_RETURN_TYPE = YES_ERROR;
				GCC_WARN_UNDECLARED_SELECTOR = YES;
				GCC_WARN_UNINITIALIZED_AUTOS = YES_AGGRESSIVE;
				GCC_WARN_UNUSED_FUNCTION = YES;
				GCC_WARN_UNUSED_VARIABLE = YES;
				IPHONEOS_DEPLOYMENT_TARGET = 16.4;
				MTL_ENABLE_DEBUG_INFO = NO;
				MTL_FAST_MATH = YES;
				SDKROOT = iphoneos;
				SWIFT_COMPILATION_MODE = wholemodule;
				SWIFT_OPTIMIZATION_LEVEL = "-O";
				VALIDATE_PRODUCT = YES;
			};
			name = Release;
		};
		4887371A2A9878CA00B0C503 /* Debug */ = {
			isa = XCBuildConfiguration;
			buildSettings = {
				ASSETCATALOG_COMPILER_APPICON_NAME = AppIcon;
				ASSETCATALOG_COMPILER_GLOBAL_ACCENT_COLOR_NAME = AccentColor;
				CODE_SIGN_STYLE = Automatic;
				CURRENT_PROJECT_VERSION = 1;
				DEVELOPMENT_TEAM = 2S9WHYP486;
				GENERATE_INFOPLIST_FILE = YES;
				INFOPLIST_FILE = 0825hw/Info.plist;
				INFOPLIST_KEY_UIApplicationSupportsIndirectInputEvents = YES;
				INFOPLIST_KEY_UILaunchStoryboardName = LaunchScreen;
				INFOPLIST_KEY_UIMainStoryboardFile = Main;
				INFOPLIST_KEY_UISupportedInterfaceOrientations_iPad = "UIInterfaceOrientationPortrait UIInterfaceOrientationPortraitUpsideDown UIInterfaceOrientationLandscapeLeft UIInterfaceOrientationLandscapeRight";
				INFOPLIST_KEY_UISupportedInterfaceOrientations_iPhone = "UIInterfaceOrientationPortrait UIInterfaceOrientationLandscapeLeft UIInterfaceOrientationLandscapeRight";
				IPHONEOS_DEPLOYMENT_TARGET = 15.4;
				LD_RUNPATH_SEARCH_PATHS = (
					"$(inherited)",
					"@executable_path/Frameworks",
				);
				MARKETING_VERSION = 1.0;
				PRODUCT_BUNDLE_IDENTIFIER = "com.noah.-721hw";
				PRODUCT_NAME = "$(TARGET_NAME)";
				SWIFT_EMIT_LOC_STRINGS = YES;
				SWIFT_VERSION = 5.0;
				TARGETED_DEVICE_FAMILY = "1,2";
			};
			name = Debug;
		};
		4887371B2A9878CA00B0C503 /* Release */ = {
			isa = XCBuildConfiguration;
			buildSettings = {
				ASSETCATALOG_COMPILER_APPICON_NAME = AppIcon;
				ASSETCATALOG_COMPILER_GLOBAL_ACCENT_COLOR_NAME = AccentColor;
				CODE_SIGN_STYLE = Automatic;
				CURRENT_PROJECT_VERSION = 1;
				DEVELOPMENT_TEAM = 2S9WHYP486;
				GENERATE_INFOPLIST_FILE = YES;
				INFOPLIST_FILE = 0825hw/Info.plist;
				INFOPLIST_KEY_UIApplicationSupportsIndirectInputEvents = YES;
				INFOPLIST_KEY_UILaunchStoryboardName = LaunchScreen;
				INFOPLIST_KEY_UIMainStoryboardFile = Main;
				INFOPLIST_KEY_UISupportedInterfaceOrientations_iPad = "UIInterfaceOrientationPortrait UIInterfaceOrientationPortraitUpsideDown UIInterfaceOrientationLandscapeLeft UIInterfaceOrientationLandscapeRight";
				INFOPLIST_KEY_UISupportedInterfaceOrientations_iPhone = "UIInterfaceOrientationPortrait UIInterfaceOrientationLandscapeLeft UIInterfaceOrientationLandscapeRight";
				IPHONEOS_DEPLOYMENT_TARGET = 15.4;
				LD_RUNPATH_SEARCH_PATHS = (
					"$(inherited)",
					"@executable_path/Frameworks",
				);
				MARKETING_VERSION = 1.0;
				PRODUCT_BUNDLE_IDENTIFIER = "com.noah.-721hw";
				PRODUCT_NAME = "$(TARGET_NAME)";
				SWIFT_EMIT_LOC_STRINGS = YES;
				SWIFT_VERSION = 5.0;
				TARGETED_DEVICE_FAMILY = "1,2";
			};
			name = Release;
		};
/* End XCBuildConfiguration section */

/* Begin XCConfigurationList section */
		488737002A9878C800B0C503 /* Build configuration list for PBXProject "0825hw" */ = {
			isa = XCConfigurationList;
			buildConfigurations = (
				488737172A9878CA00B0C503 /* Debug */,
				488737182A9878CA00B0C503 /* Release */,
			);
			defaultConfigurationIsVisible = 0;
			defaultConfigurationName = Release;
		};
		488737192A9878CA00B0C503 /* Build configuration list for PBXNativeTarget "0825hw" */ = {
			isa = XCConfigurationList;
			buildConfigurations = (
				4887371A2A9878CA00B0C503 /* Debug */,
				4887371B2A9878CA00B0C503 /* Release */,
			);
			defaultConfigurationIsVisible = 0;
			defaultConfigurationName = Release;
		};
/* End XCConfigurationList section */

/* Begin XCRemoteSwiftPackageReference section */
		488737212A987DC300B0C503 /* XCRemoteSwiftPackageReference "SnapKit" */ = {
			isa = XCRemoteSwiftPackageReference;
			repositoryURL = "https://github.com/SnapKit/SnapKit";
			requirement = {
				kind = upToNextMajorVersion;
				minimumVersion = 5.0.0;
			};
		};
/* End XCRemoteSwiftPackageReference section */

/* Begin XCSwiftPackageProductDependency section */
		488737222A987DC300B0C503 /* SnapKit */ = {
			isa = XCSwiftPackageProductDependency;
			package = 488737212A987DC300B0C503 /* XCRemoteSwiftPackageReference "SnapKit" */;
			productName = SnapKit;
		};
/* End XCSwiftPackageProductDependency section */
	};
	rootObject = 488736FD2A9878C800B0C503 /* Project object */;
}
