// !$*UTF8*$!
{
	archiveVersion = 1;
	classes = {
	};
	objectVersion = 56;
	objects = {

/* Begin PBXBuildFile section */
		4899CB4B2A9F4CB10022AEDC /* AppDelegate.swift in Sources */ = {isa = PBXBuildFile; fileRef = 4899CB4A2A9F4CB10022AEDC /* AppDelegate.swift */; };
		4899CB4D2A9F4CB10022AEDC /* SceneDelegate.swift in Sources */ = {isa = PBXBuildFile; fileRef = 4899CB4C2A9F4CB10022AEDC /* SceneDelegate.swift */; };
		4899CB4F2A9F4CB10022AEDC /* ViewController.swift in Sources */ = {isa = PBXBuildFile; fileRef = 4899CB4E2A9F4CB10022AEDC /* ViewController.swift */; };
		4899CB522A9F4CB10022AEDC /* Main.storyboard in Resources */ = {isa = PBXBuildFile; fileRef = 4899CB502A9F4CB10022AEDC /* Main.storyboard */; };
		4899CB542A9F4CB20022AEDC /* Assets.xcassets in Resources */ = {isa = PBXBuildFile; fileRef = 4899CB532A9F4CB20022AEDC /* Assets.xcassets */; };
		4899CB572A9F4CB20022AEDC /* LaunchScreen.storyboard in Resources */ = {isa = PBXBuildFile; fileRef = 4899CB552A9F4CB20022AEDC /* LaunchScreen.storyboard */; };
		4899CB612A9F4D020022AEDC /* BaseView.swift in Sources */ = {isa = PBXBuildFile; fileRef = 4899CB602A9F4D020022AEDC /* BaseView.swift */; };
		4899CB632A9F4D090022AEDC /* BaseViewController.swift in Sources */ = {isa = PBXBuildFile; fileRef = 4899CB622A9F4D090022AEDC /* BaseViewController.swift */; };
		4899CB652A9F4D1D0022AEDC /* BaseCollectionViewCell.swift in Sources */ = {isa = PBXBuildFile; fileRef = 4899CB642A9F4D1D0022AEDC /* BaseCollectionViewCell.swift */; };
		4899CB682A9F4D2F0022AEDC /* SnapKit in Frameworks */ = {isa = PBXBuildFile; productRef = 4899CB672A9F4D2F0022AEDC /* SnapKit */; };
		4899CB6B2A9F4D3C0022AEDC /* Kingfisher in Frameworks */ = {isa = PBXBuildFile; productRef = 4899CB6A2A9F4D3C0022AEDC /* Kingfisher */; };
		4899CB6E2A9F4F0B0022AEDC /* AddView.swift in Sources */ = {isa = PBXBuildFile; fileRef = 4899CB6D2A9F4F0B0022AEDC /* AddView.swift */; };
		4899CB702A9F4F130022AEDC /* AddViewController.swift in Sources */ = {isa = PBXBuildFile; fileRef = 4899CB6F2A9F4F130022AEDC /* AddViewController.swift */; };
		4899CB722A9F518D0022AEDC /* SearchView.swift in Sources */ = {isa = PBXBuildFile; fileRef = 4899CB712A9F518D0022AEDC /* SearchView.swift */; };
		4899CB742A9F51920022AEDC /* SearchViewController.swift in Sources */ = {isa = PBXBuildFile; fileRef = 4899CB732A9F51920022AEDC /* SearchViewController.swift */; };
		4899CB762A9F519B0022AEDC /* SearchCollectionViewCell.swift in Sources */ = {isa = PBXBuildFile; fileRef = 4899CB752A9F519B0022AEDC /* SearchCollectionViewCell.swift */; };
/* End PBXBuildFile section */

/* Begin PBXFileReference section */
		4899CB472A9F4CB10022AEDC /* 0830hw.app */ = {isa = PBXFileReference; explicitFileType = wrapper.application; includeInIndex = 0; path = 0830hw.app; sourceTree = BUILT_PRODUCTS_DIR; };
		4899CB4A2A9F4CB10022AEDC /* AppDelegate.swift */ = {isa = PBXFileReference; lastKnownFileType = sourcecode.swift; path = AppDelegate.swift; sourceTree = "<group>"; };
		4899CB4C2A9F4CB10022AEDC /* SceneDelegate.swift */ = {isa = PBXFileReference; lastKnownFileType = sourcecode.swift; path = SceneDelegate.swift; sourceTree = "<group>"; };
		4899CB4E2A9F4CB10022AEDC /* ViewController.swift */ = {isa = PBXFileReference; lastKnownFileType = sourcecode.swift; path = ViewController.swift; sourceTree = "<group>"; };
		4899CB512A9F4CB10022AEDC /* Base */ = {isa = PBXFileReference; lastKnownFileType = file.storyboard; name = Base; path = Base.lproj/Main.storyboard; sourceTree = "<group>"; };
		4899CB532A9F4CB20022AEDC /* Assets.xcassets */ = {isa = PBXFileReference; lastKnownFileType = folder.assetcatalog; path = Assets.xcassets; sourceTree = "<group>"; };
		4899CB562A9F4CB20022AEDC /* Base */ = {isa = PBXFileReference; lastKnownFileType = file.storyboard; name = Base; path = Base.lproj/LaunchScreen.storyboard; sourceTree = "<group>"; };
		4899CB582A9F4CB20022AEDC /* Info.plist */ = {isa = PBXFileReference; lastKnownFileType = text.plist.xml; path = Info.plist; sourceTree = "<group>"; };
		4899CB602A9F4D020022AEDC /* BaseView.swift */ = {isa = PBXFileReference; lastKnownFileType = sourcecode.swift; path = BaseView.swift; sourceTree = "<group>"; };
		4899CB622A9F4D090022AEDC /* BaseViewController.swift */ = {isa = PBXFileReference; lastKnownFileType = sourcecode.swift; path = BaseViewController.swift; sourceTree = "<group>"; };
		4899CB642A9F4D1D0022AEDC /* BaseCollectionViewCell.swift */ = {isa = PBXFileReference; lastKnownFileType = sourcecode.swift; path = BaseCollectionViewCell.swift; sourceTree = "<group>"; };
		4899CB6D2A9F4F0B0022AEDC /* AddView.swift */ = {isa = PBXFileReference; lastKnownFileType = sourcecode.swift; path = AddView.swift; sourceTree = "<group>"; };
		4899CB6F2A9F4F130022AEDC /* AddViewController.swift */ = {isa = PBXFileReference; lastKnownFileType = sourcecode.swift; path = AddViewController.swift; sourceTree = "<group>"; };
		4899CB712A9F518D0022AEDC /* SearchView.swift */ = {isa = PBXFileReference; lastKnownFileType = sourcecode.swift; path = SearchView.swift; sourceTree = "<group>"; };
		4899CB732A9F51920022AEDC /* SearchViewController.swift */ = {isa = PBXFileReference; lastKnownFileType = sourcecode.swift; path = SearchViewController.swift; sourceTree = "<group>"; };
		4899CB752A9F519B0022AEDC /* SearchCollectionViewCell.swift */ = {isa = PBXFileReference; lastKnownFileType = sourcecode.swift; path = SearchCollectionViewCell.swift; sourceTree = "<group>"; };
/* End PBXFileReference section */

/* Begin PBXFrameworksBuildPhase section */
		4899CB442A9F4CB10022AEDC /* Frameworks */ = {
			isa = PBXFrameworksBuildPhase;
			buildActionMask = 2147483647;
			files = (
				4899CB6B2A9F4D3C0022AEDC /* Kingfisher in Frameworks */,
				4899CB682A9F4D2F0022AEDC /* SnapKit in Frameworks */,
			);
			runOnlyForDeploymentPostprocessing = 0;
		};
/* End PBXFrameworksBuildPhase section */

/* Begin PBXGroup section */
		4899CB3E2A9F4CB10022AEDC = {
			isa = PBXGroup;
			children = (
				4899CB492A9F4CB10022AEDC /* 0830hw */,
				4899CB482A9F4CB10022AEDC /* Products */,
			);
			sourceTree = "<group>";
		};
		4899CB482A9F4CB10022AEDC /* Products */ = {
			isa = PBXGroup;
			children = (
				4899CB472A9F4CB10022AEDC /* 0830hw.app */,
			);
			name = Products;
			sourceTree = "<group>";
		};
		4899CB492A9F4CB10022AEDC /* 0830hw */ = {
			isa = PBXGroup;
			children = (
				4899CB6C2A9F4F020022AEDC /* Add */,
				4899CB5F2A9F4CF10022AEDC /* Search */,
				4899CB5E2A9F4CEA0022AEDC /* Base */,
				4899CB4A2A9F4CB10022AEDC /* AppDelegate.swift */,
				4899CB4C2A9F4CB10022AEDC /* SceneDelegate.swift */,
				4899CB4E2A9F4CB10022AEDC /* ViewController.swift */,
				4899CB502A9F4CB10022AEDC /* Main.storyboard */,
				4899CB532A9F4CB20022AEDC /* Assets.xcassets */,
				4899CB552A9F4CB20022AEDC /* LaunchScreen.storyboard */,
				4899CB582A9F4CB20022AEDC /* Info.plist */,
			);
			path = 0830hw;
			sourceTree = "<group>";
		};
		4899CB5E2A9F4CEA0022AEDC /* Base */ = {
			isa = PBXGroup;
			children = (
				4899CB602A9F4D020022AEDC /* BaseView.swift */,
				4899CB642A9F4D1D0022AEDC /* BaseCollectionViewCell.swift */,
				4899CB622A9F4D090022AEDC /* BaseViewController.swift */,
			);
			path = Base;
			sourceTree = "<group>";
		};
		4899CB5F2A9F4CF10022AEDC /* Search */ = {
			isa = PBXGroup;
			children = (
				4899CB712A9F518D0022AEDC /* SearchView.swift */,
				4899CB732A9F51920022AEDC /* SearchViewController.swift */,
				4899CB752A9F519B0022AEDC /* SearchCollectionViewCell.swift */,
			);
			path = Search;
			sourceTree = "<group>";
		};
		4899CB6C2A9F4F020022AEDC /* Add */ = {
			isa = PBXGroup;
			children = (
				4899CB6D2A9F4F0B0022AEDC /* AddView.swift */,
				4899CB6F2A9F4F130022AEDC /* AddViewController.swift */,
			);
			path = Add;
			sourceTree = "<group>";
		};
/* End PBXGroup section */

/* Begin PBXNativeTarget section */
		4899CB462A9F4CB10022AEDC /* 0830hw */ = {
			isa = PBXNativeTarget;
			buildConfigurationList = 4899CB5B2A9F4CB20022AEDC /* Build configuration list for PBXNativeTarget "0830hw" */;
			buildPhases = (
				4899CB432A9F4CB10022AEDC /* Sources */,
				4899CB442A9F4CB10022AEDC /* Frameworks */,
				4899CB452A9F4CB10022AEDC /* Resources */,
			);
			buildRules = (
			);
			dependencies = (
			);
			name = 0830hw;
			packageProductDependencies = (
				4899CB672A9F4D2F0022AEDC /* SnapKit */,
				4899CB6A2A9F4D3C0022AEDC /* Kingfisher */,
			);
			productName = 0830hw;
			productReference = 4899CB472A9F4CB10022AEDC /* 0830hw.app */;
			productType = "com.apple.product-type.application";
		};
/* End PBXNativeTarget section */

/* Begin PBXProject section */
		4899CB3F2A9F4CB10022AEDC /* Project object */ = {
			isa = PBXProject;
			attributes = {
				BuildIndependentTargetsInParallel = 1;
				LastSwiftUpdateCheck = 1430;
				LastUpgradeCheck = 1430;
				TargetAttributes = {
					4899CB462A9F4CB10022AEDC = {
						CreatedOnToolsVersion = 14.3.1;
					};
				};
			};
			buildConfigurationList = 4899CB422A9F4CB10022AEDC /* Build configuration list for PBXProject "0830hw" */;
			compatibilityVersion = "Xcode 14.0";
			developmentRegion = en;
			hasScannedForEncodings = 0;
			knownRegions = (
				en,
				Base,
			);
			mainGroup = 4899CB3E2A9F4CB10022AEDC;
			packageReferences = (
				4899CB662A9F4D2F0022AEDC /* XCRemoteSwiftPackageReference "SnapKit" */,
				4899CB692A9F4D3C0022AEDC /* XCRemoteSwiftPackageReference "Kingfisher" */,
			);
			productRefGroup = 4899CB482A9F4CB10022AEDC /* Products */;
			projectDirPath = "";
			projectRoot = "";
			targets = (
				4899CB462A9F4CB10022AEDC /* 0830hw */,
			);
		};
/* End PBXProject section */

/* Begin PBXResourcesBuildPhase section */
		4899CB452A9F4CB10022AEDC /* Resources */ = {
			isa = PBXResourcesBuildPhase;
			buildActionMask = 2147483647;
			files = (
				4899CB572A9F4CB20022AEDC /* LaunchScreen.storyboard in Resources */,
				4899CB542A9F4CB20022AEDC /* Assets.xcassets in Resources */,
				4899CB522A9F4CB10022AEDC /* Main.storyboard in Resources */,
			);
			runOnlyForDeploymentPostprocessing = 0;
		};
/* End PBXResourcesBuildPhase section */

/* Begin PBXSourcesBuildPhase section */
		4899CB432A9F4CB10022AEDC /* Sources */ = {
			isa = PBXSourcesBuildPhase;
			buildActionMask = 2147483647;
			files = (
				4899CB742A9F51920022AEDC /* SearchViewController.swift in Sources */,
				4899CB6E2A9F4F0B0022AEDC /* AddView.swift in Sources */,
				4899CB762A9F519B0022AEDC /* SearchCollectionViewCell.swift in Sources */,
				4899CB722A9F518D0022AEDC /* SearchView.swift in Sources */,
				4899CB632A9F4D090022AEDC /* BaseViewController.swift in Sources */,
				4899CB702A9F4F130022AEDC /* AddViewController.swift in Sources */,
				4899CB4F2A9F4CB10022AEDC /* ViewController.swift in Sources */,
				4899CB4B2A9F4CB10022AEDC /* AppDelegate.swift in Sources */,
				4899CB4D2A9F4CB10022AEDC /* SceneDelegate.swift in Sources */,
				4899CB612A9F4D020022AEDC /* BaseView.swift in Sources */,
				4899CB652A9F4D1D0022AEDC /* BaseCollectionViewCell.swift in Sources */,
			);
			runOnlyForDeploymentPostprocessing = 0;
		};
/* End PBXSourcesBuildPhase section */

/* Begin PBXVariantGroup section */
		4899CB502A9F4CB10022AEDC /* Main.storyboard */ = {
			isa = PBXVariantGroup;
			children = (
				4899CB512A9F4CB10022AEDC /* Base */,
			);
			name = Main.storyboard;
			sourceTree = "<group>";
		};
		4899CB552A9F4CB20022AEDC /* LaunchScreen.storyboard */ = {
			isa = PBXVariantGroup;
			children = (
				4899CB562A9F4CB20022AEDC /* Base */,
			);
			name = LaunchScreen.storyboard;
			sourceTree = "<group>";
		};
/* End PBXVariantGroup section */

/* Begin XCBuildConfiguration section */
		4899CB592A9F4CB20022AEDC /* Debug */ = {
			isa = XCBuildConfiguration;
			buildSettings = {
				ALWAYS_SEARCH_USER_PATHS = NO;
				CLANG_ANALYZER_NONNULL = YES;
				CLANG_ANALYZER_NUMBER_OBJECT_CONVERSION = YES_AGGRESSIVE;
				CLANG_CXX_LANGUAGE_STANDARD = "gnu++20";
				CLANG_ENABLE_MODULES = YES;
				CLANG_ENABLE_OBJC_ARC = YES;
				CLANG_ENABLE_OBJC_WEAK = YES;
				CLANG_WARN_BLOCK_CAPTURE_AUTORELEASING = YES;
				CLANG_WARN_BOOL_CONVERSION = YES;
				CLANG_WARN_COMMA = YES;
				CLANG_WARN_CONSTANT_CONVERSION = YES;
				CLANG_WARN_DEPRECATED_OBJC_IMPLEMENTATIONS = YES;
				CLANG_WARN_DIRECT_OBJC_ISA_USAGE = YES_ERROR;
				CLANG_WARN_DOCUMENTATION_COMMENTS = YES;
				CLANG_WARN_EMPTY_BODY = YES;
				CLANG_WARN_ENUM_CONVERSION = YES;
				CLANG_WARN_INFINITE_RECURSION = YES;
				CLANG_WARN_INT_CONVERSION = YES;
				CLANG_WARN_NON_LITERAL_NULL_CONVERSION = YES;
				CLANG_WARN_OBJC_IMPLICIT_RETAIN_SELF = YES;
				CLANG_WARN_OBJC_LITERAL_CONVERSION = YES;
				CLANG_WARN_OBJC_ROOT_CLASS = YES_ERROR;
				CLANG_WARN_QUOTED_INCLUDE_IN_FRAMEWORK_HEADER = YES;
				CLANG_WARN_RANGE_LOOP_ANALYSIS = YES;
				CLANG_WARN_STRICT_PROTOTYPES = YES;
				CLANG_WARN_SUSPICIOUS_MOVE = YES;
				CLANG_WARN_UNGUARDED_AVAILABILITY = YES_AGGRESSIVE;
				CLANG_WARN_UNREACHABLE_CODE = YES;
				CLANG_WARN__DUPLICATE_METHOD_MATCH = YES;
				COPY_PHASE_STRIP = NO;
				DEBUG_INFORMATION_FORMAT = dwarf;
				ENABLE_STRICT_OBJC_MSGSEND = YES;
				ENABLE_TESTABILITY = YES;
				GCC_C_LANGUAGE_STANDARD = gnu11;
				GCC_DYNAMIC_NO_PIC = NO;
				GCC_NO_COMMON_BLOCKS = YES;
				GCC_OPTIMIZATION_LEVEL = 0;
				GCC_PREPROCESSOR_DEFINITIONS = (
					"DEBUG=1",
					"$(inherited)",
				);
				GCC_WARN_64_TO_32_BIT_CONVERSION = YES;
				GCC_WARN_ABOUT_RETURN_TYPE = YES_ERROR;
				GCC_WARN_UNDECLARED_SELECTOR = YES;
				GCC_WARN_UNINITIALIZED_AUTOS = YES_AGGRESSIVE;
				GCC_WARN_UNUSED_FUNCTION = YES;
				GCC_WARN_UNUSED_VARIABLE = YES;
				IPHONEOS_DEPLOYMENT_TARGET = 16.4;
				MTL_ENABLE_DEBUG_INFO = INCLUDE_SOURCE;
				MTL_FAST_MATH = YES;
				ONLY_ACTIVE_ARCH = YES;
				SDKROOT = iphoneos;
				SWIFT_ACTIVE_COMPILATION_CONDITIONS = DEBUG;
				SWIFT_OPTIMIZATION_LEVEL = "-Onone";
			};
			name = Debug;
		};
		4899CB5A2A9F4CB20022AEDC /* Release */ = {
			isa = XCBuildConfiguration;
			buildSettings = {
				ALWAYS_SEARCH_USER_PATHS = NO;
				CLANG_ANALYZER_NONNULL = YES;
				CLANG_ANALYZER_NUMBER_OBJECT_CONVERSION = YES_AGGRESSIVE;
				CLANG_CXX_LANGUAGE_STANDARD = "gnu++20";
				CLANG_ENABLE_MODULES = YES;
				CLANG_ENABLE_OBJC_ARC = YES;
				CLANG_ENABLE_OBJC_WEAK = YES;
				CLANG_WARN_BLOCK_CAPTURE_AUTORELEASING = YES;
				CLANG_WARN_BOOL_CONVERSION = YES;
				CLANG_WARN_COMMA = YES;
				CLANG_WARN_CONSTANT_CONVERSION = YES;
				CLANG_WARN_DEPRECATED_OBJC_IMPLEMENTATIONS = YES;
				CLANG_WARN_DIRECT_OBJC_ISA_USAGE = YES_ERROR;
				CLANG_WARN_DOCUMENTATION_COMMENTS = YES;
				CLANG_WARN_EMPTY_BODY = YES;
				CLANG_WARN_ENUM_CONVERSION = YES;
				CLANG_WARN_INFINITE_RECURSION = YES;
				CLANG_WARN_INT_CONVERSION = YES;
				CLANG_WARN_NON_LITERAL_NULL_CONVERSION = YES;
				CLANG_WARN_OBJC_IMPLICIT_RETAIN_SELF = YES;
				CLANG_WARN_OBJC_LITERAL_CONVERSION = YES;
				CLANG_WARN_OBJC_ROOT_CLASS = YES_ERROR;
				CLANG_WARN_QUOTED_INCLUDE_IN_FRAMEWORK_HEADER = YES;
				CLANG_WARN_RANGE_LOOP_ANALYSIS = YES;
				CLANG_WARN_STRICT_PROTOTYPES = YES;
				CLANG_WARN_SUSPICIOUS_MOVE = YES;
				CLANG_WARN_UNGUARDED_AVAILABILITY = YES_AGGRESSIVE;
				CLANG_WARN_UNREACHABLE_CODE = YES;
				CLANG_WARN__DUPLICATE_METHOD_MATCH = YES;
				COPY_PHASE_STRIP = NO;
				DEBUG_INFORMATION_FORMAT = "dwarf-with-dsym";
				ENABLE_NS_ASSERTIONS = NO;
				ENABLE_STRICT_OBJC_MSGSEND = YES;
				GCC_C_LANGUAGE_STANDARD = gnu11;
				GCC_NO_COMMON_BLOCKS = YES;
				GCC_WARN_64_TO_32_BIT_CONVERSION = YES;
				GCC_WARN_ABOUT_RETURN_TYPE = YES_ERROR;
				GCC_WARN_UNDECLARED_SELECTOR = YES;
				GCC_WARN_UNINITIALIZED_AUTOS = YES_AGGRESSIVE;
				GCC_WARN_UNUSED_FUNCTION = YES;
				GCC_WARN_UNUSED_VARIABLE = YES;
				IPHONEOS_DEPLOYMENT_TARGET = 16.4;
				MTL_ENABLE_DEBUG_INFO = NO;
				MTL_FAST_MATH = YES;
				SDKROOT = iphoneos;
				SWIFT_COMPILATION_MODE = wholemodule;
				SWIFT_OPTIMIZATION_LEVEL = "-O";
				VALIDATE_PRODUCT = YES;
			};
			name = Release;
		};
		4899CB5C2A9F4CB20022AEDC /* Debug */ = {
			isa = XCBuildConfiguration;
			buildSettings = {
				ASSETCATALOG_COMPILER_APPICON_NAME = AppIcon;
				ASSETCATALOG_COMPILER_GLOBAL_ACCENT_COLOR_NAME = AccentColor;
				CODE_SIGN_STYLE = Automatic;
				CURRENT_PROJECT_VERSION = 1;
				DEVELOPMENT_TEAM = 2S9WHYP486;
				GENERATE_INFOPLIST_FILE = YES;
				INFOPLIST_FILE = 0830hw/Info.plist;
				INFOPLIST_KEY_UIApplicationSupportsIndirectInputEvents = YES;
				INFOPLIST_KEY_UILaunchStoryboardName = LaunchScreen;
				INFOPLIST_KEY_UIMainStoryboardFile = Main;
				INFOPLIST_KEY_UISupportedInterfaceOrientations_iPad = "UIInterfaceOrientationPortrait UIInterfaceOrientationPortraitUpsideDown UIInterfaceOrientationLandscapeLeft UIInterfaceOrientationLandscapeRight";
				INFOPLIST_KEY_UISupportedInterfaceOrientations_iPhone = "UIInterfaceOrientationPortrait UIInterfaceOrientationLandscapeLeft UIInterfaceOrientationLandscapeRight";
				IPHONEOS_DEPLOYMENT_TARGET = 15.6;
				LD_RUNPATH_SEARCH_PATHS = (
					"$(inherited)",
					"@executable_path/Frameworks",
				);
				MARKETING_VERSION = 1.0;
				PRODUCT_BUNDLE_IDENTIFIER = "com.noah.-721hw";
				PRODUCT_NAME = "$(TARGET_NAME)";
				SWIFT_EMIT_LOC_STRINGS = YES;
				SWIFT_VERSION = 5.0;
				TARGETED_DEVICE_FAMILY = "1,2";
			};
			name = Debug;
		};
		4899CB5D2A9F4CB20022AEDC /* Release */ = {
			isa = XCBuildConfiguration;
			buildSettings = {
				ASSETCATALOG_COMPILER_APPICON_NAME = AppIcon;
				ASSETCATALOG_COMPILER_GLOBAL_ACCENT_COLOR_NAME = AccentColor;
				CODE_SIGN_STYLE = Automatic;
				CURRENT_PROJECT_VERSION = 1;
				DEVELOPMENT_TEAM = 2S9WHYP486;
				GENERATE_INFOPLIST_FILE = YES;
				INFOPLIST_FILE = 0830hw/Info.plist;
				INFOPLIST_KEY_UIApplicationSupportsIndirectInputEvents = YES;
				INFOPLIST_KEY_UILaunchStoryboardName = LaunchScreen;
				INFOPLIST_KEY_UIMainStoryboardFile = Main;
				INFOPLIST_KEY_UISupportedInterfaceOrientations_iPad = "UIInterfaceOrientationPortrait UIInterfaceOrientationPortraitUpsideDown UIInterfaceOrientationLandscapeLeft UIInterfaceOrientationLandscapeRight";
				INFOPLIST_KEY_UISupportedInterfaceOrientations_iPhone = "UIInterfaceOrientationPortrait UIInterfaceOrientationLandscapeLeft UIInterfaceOrientationLandscapeRight";
				IPHONEOS_DEPLOYMENT_TARGET = 15.6;
				LD_RUNPATH_SEARCH_PATHS = (
					"$(inherited)",
					"@executable_path/Frameworks",
				);
				MARKETING_VERSION = 1.0;
				PRODUCT_BUNDLE_IDENTIFIER = "com.noah.-721hw";
				PRODUCT_NAME = "$(TARGET_NAME)";
				SWIFT_EMIT_LOC_STRINGS = YES;
				SWIFT_VERSION = 5.0;
				TARGETED_DEVICE_FAMILY = "1,2";
			};
			name = Release;
		};
/* End XCBuildConfiguration section */

/* Begin XCConfigurationList section */
		4899CB422A9F4CB10022AEDC /* Build configuration list for PBXProject "0830hw" */ = {
			isa = XCConfigurationList;
			buildConfigurations = (
				4899CB592A9F4CB20022AEDC /* Debug */,
				4899CB5A2A9F4CB20022AEDC /* Release */,
			);
			defaultConfigurationIsVisible = 0;
			defaultConfigurationName = Release;
		};
		4899CB5B2A9F4CB20022AEDC /* Build configuration list for PBXNativeTarget "0830hw" */ = {
			isa = XCConfigurationList;
			buildConfigurations = (
				4899CB5C2A9F4CB20022AEDC /* Debug */,
				4899CB5D2A9F4CB20022AEDC /* Release */,
			);
			defaultConfigurationIsVisible = 0;
			defaultConfigurationName = Release;
		};
/* End XCConfigurationList section */

/* Begin XCRemoteSwiftPackageReference section */
		4899CB662A9F4D2F0022AEDC /* XCRemoteSwiftPackageReference "SnapKit" */ = {
			isa = XCRemoteSwiftPackageReference;
			repositoryURL = "https://github.com/SnapKit/SnapKit";
			requirement = {
				kind = upToNextMajorVersion;
				minimumVersion = 5.0.0;
			};
		};
		4899CB692A9F4D3C0022AEDC /* XCRemoteSwiftPackageReference "Kingfisher" */ = {
			isa = XCRemoteSwiftPackageReference;
			repositoryURL = "https://github.com/onevcat/Kingfisher";
			requirement = {
				kind = upToNextMajorVersion;
				minimumVersion = 7.0.0;
			};
		};
/* End XCRemoteSwiftPackageReference section */

/* Begin XCSwiftPackageProductDependency section */
		4899CB672A9F4D2F0022AEDC /* SnapKit */ = {
			isa = XCSwiftPackageProductDependency;
			package = 4899CB662A9F4D2F0022AEDC /* XCRemoteSwiftPackageReference "SnapKit" */;
			productName = SnapKit;
		};
		4899CB6A2A9F4D3C0022AEDC /* Kingfisher */ = {
			isa = XCSwiftPackageProductDependency;
			package = 4899CB692A9F4D3C0022AEDC /* XCRemoteSwiftPackageReference "Kingfisher" */;
			productName = Kingfisher;
		};
/* End XCSwiftPackageProductDependency section */
	};
	rootObject = 4899CB3F2A9F4CB10022AEDC /* Project object */;
}
