// !$*UTF8*$!
{
	archiveVersion = 1;
	classes = {
	};
	objectVersion = 56;
	objects = {

/* Begin PBXBuildFile section */
		4831B3EF2AB312220018D46C /* AppDelegate.swift in Sources */ = {isa = PBXBuildFile; fileRef = 4831B3EE2AB312220018D46C /* AppDelegate.swift */; };
		4831B3F12AB312220018D46C /* SceneDelegate.swift in Sources */ = {isa = PBXBuildFile; fileRef = 4831B3F02AB312220018D46C /* SceneDelegate.swift */; };
		4831B3F32AB312220018D46C /* ViewController.swift in Sources */ = {isa = PBXBuildFile; fileRef = 4831B3F22AB312220018D46C /* ViewController.swift */; };
		4831B3F62AB312220018D46C /* Main.storyboard in Resources */ = {isa = PBXBuildFile; fileRef = 4831B3F42AB312220018D46C /* Main.storyboard */; };
		4831B3F82AB312250018D46C /* Assets.xcassets in Resources */ = {isa = PBXBuildFile; fileRef = 4831B3F72AB312250018D46C /* Assets.xcassets */; };
		4831B3FB2AB312250018D46C /* LaunchScreen.storyboard in Resources */ = {isa = PBXBuildFile; fileRef = 4831B3F92AB312250018D46C /* LaunchScreen.storyboard */; };
		4831B4042AB3123B0018D46C /* SnapKit in Frameworks */ = {isa = PBXBuildFile; productRef = 4831B4032AB3123B0018D46C /* SnapKit */; };
		4831B4072AB312430018D46C /* Alamofire in Frameworks */ = {isa = PBXBuildFile; productRef = 4831B4062AB312430018D46C /* Alamofire */; };
		4831B40A2AB3124D0018D46C /* Kingfisher in Frameworks */ = {isa = PBXBuildFile; productRef = 4831B4092AB3124D0018D46C /* Kingfisher */; };
		4831B40D2AB312880018D46C /* SimpleTableViewController.swift in Sources */ = {isa = PBXBuildFile; fileRef = 4831B40C2AB312880018D46C /* SimpleTableViewController.swift */; };
		4831B40F2AB312BE0018D46C /* User.swift in Sources */ = {isa = PBXBuildFile; fileRef = 4831B40E2AB312BE0018D46C /* User.swift */; };
		4831B4112AB314D50018D46C /* SimpleCollectionViewController.swift in Sources */ = {isa = PBXBuildFile; fileRef = 4831B4102AB314D50018D46C /* SimpleCollectionViewController.swift */; };
		4831B4142AB325AA0018D46C /* EmojiExplorerListViewController.swift in Sources */ = {isa = PBXBuildFile; fileRef = 4831B4132AB325AA0018D46C /* EmojiExplorerListViewController.swift */; };
		4831B4162AB327810018D46C /* Emoji.swift in Sources */ = {isa = PBXBuildFile; fileRef = 4831B4152AB327810018D46C /* Emoji.swift */; };
		4831B4182AB327E20018D46C /* EmojiDetailViewController.swift in Sources */ = {isa = PBXBuildFile; fileRef = 4831B4172AB327E20018D46C /* EmojiDetailViewController.swift */; };
/* End PBXBuildFile section */

/* Begin PBXFileReference section */
		4831B3EB2AB312220018D46C /* 0914hw.app */ = {isa = PBXFileReference; explicitFileType = wrapper.application; includeInIndex = 0; path = 0914hw.app; sourceTree = BUILT_PRODUCTS_DIR; };
		4831B3EE2AB312220018D46C /* AppDelegate.swift */ = {isa = PBXFileReference; lastKnownFileType = sourcecode.swift; path = AppDelegate.swift; sourceTree = "<group>"; };
		4831B3F02AB312220018D46C /* SceneDelegate.swift */ = {isa = PBXFileReference; lastKnownFileType = sourcecode.swift; path = SceneDelegate.swift; sourceTree = "<group>"; };
		4831B3F22AB312220018D46C /* ViewController.swift */ = {isa = PBXFileReference; lastKnownFileType = sourcecode.swift; path = ViewController.swift; sourceTree = "<group>"; };
		4831B3F52AB312220018D46C /* Base */ = {isa = PBXFileReference; lastKnownFileType = file.storyboard; name = Base; path = Base.lproj/Main.storyboard; sourceTree = "<group>"; };
		4831B3F72AB312250018D46C /* Assets.xcassets */ = {isa = PBXFileReference; lastKnownFileType = folder.assetcatalog; path = Assets.xcassets; sourceTree = "<group>"; };
		4831B3FA2AB312250018D46C /* Base */ = {isa = PBXFileReference; lastKnownFileType = file.storyboard; name = Base; path = Base.lproj/LaunchScreen.storyboard; sourceTree = "<group>"; };
		4831B3FC2AB312250018D46C /* Info.plist */ = {isa = PBXFileReference; lastKnownFileType = text.plist.xml; path = Info.plist; sourceTree = "<group>"; };
		4831B40C2AB312880018D46C /* SimpleTableViewController.swift */ = {isa = PBXFileReference; lastKnownFileType = sourcecode.swift; path = SimpleTableViewController.swift; sourceTree = "<group>"; };
		4831B40E2AB312BE0018D46C /* User.swift */ = {isa = PBXFileReference; lastKnownFileType = sourcecode.swift; path = User.swift; sourceTree = "<group>"; };
		4831B4102AB314D50018D46C /* SimpleCollectionViewController.swift */ = {isa = PBXFileReference; lastKnownFileType = sourcecode.swift; path = SimpleCollectionViewController.swift; sourceTree = "<group>"; };
		4831B4132AB325AA0018D46C /* EmojiExplorerListViewController.swift */ = {isa = PBXFileReference; lastKnownFileType = sourcecode.swift; path = EmojiExplorerListViewController.swift; sourceTree = "<group>"; };
		4831B4152AB327810018D46C /* Emoji.swift */ = {isa = PBXFileReference; lastKnownFileType = sourcecode.swift; path = Emoji.swift; sourceTree = "<group>"; };
		4831B4172AB327E20018D46C /* EmojiDetailViewController.swift */ = {isa = PBXFileReference; lastKnownFileType = sourcecode.swift; path = EmojiDetailViewController.swift; sourceTree = "<group>"; };
/* End PBXFileReference section */

/* Begin PBXFrameworksBuildPhase section */
		4831B3E82AB312220018D46C /* Frameworks */ = {
			isa = PBXFrameworksBuildPhase;
			buildActionMask = 2147483647;
			files = (
				4831B40A2AB3124D0018D46C /* Kingfisher in Frameworks */,
				4831B4042AB3123B0018D46C /* SnapKit in Frameworks */,
				4831B4072AB312430018D46C /* Alamofire in Frameworks */,
			);
			runOnlyForDeploymentPostprocessing = 0;
		};
/* End PBXFrameworksBuildPhase section */

/* Begin PBXGroup section */
		4831B3E22AB312220018D46C = {
			isa = PBXGroup;
			children = (
				4831B3ED2AB312220018D46C /* 0914hw */,
				4831B3EC2AB312220018D46C /* Products */,
			);
			sourceTree = "<group>";
		};
		4831B3EC2AB312220018D46C /* Products */ = {
			isa = PBXGroup;
			children = (
				4831B3EB2AB312220018D46C /* 0914hw.app */,
			);
			name = Products;
			sourceTree = "<group>";
		};
		4831B3ED2AB312220018D46C /* 0914hw */ = {
			isa = PBXGroup;
			children = (
				4831B4122AB325890018D46C /* EmojiExplorer */,
				4831B40B2AB312760018D46C /* Simple */,
				4831B3EE2AB312220018D46C /* AppDelegate.swift */,
				4831B3F02AB312220018D46C /* SceneDelegate.swift */,
				4831B3F22AB312220018D46C /* ViewController.swift */,
				4831B3F42AB312220018D46C /* Main.storyboard */,
				4831B3F72AB312250018D46C /* Assets.xcassets */,
				4831B3F92AB312250018D46C /* LaunchScreen.storyboard */,
				4831B3FC2AB312250018D46C /* Info.plist */,
			);
			path = 0914hw;
			sourceTree = "<group>";
		};
		4831B40B2AB312760018D46C /* Simple */ = {
			isa = PBXGroup;
			children = (
				4831B40C2AB312880018D46C /* SimpleTableViewController.swift */,
				4831B40E2AB312BE0018D46C /* User.swift */,
				4831B4102AB314D50018D46C /* SimpleCollectionViewController.swift */,
			);
			path = Simple;
			sourceTree = "<group>";
		};
		4831B4122AB325890018D46C /* EmojiExplorer */ = {
			isa = PBXGroup;
			children = (
				4831B4132AB325AA0018D46C /* EmojiExplorerListViewController.swift */,
				4831B4152AB327810018D46C /* Emoji.swift */,
				4831B4172AB327E20018D46C /* EmojiDetailViewController.swift */,
			);
			path = EmojiExplorer;
			sourceTree = "<group>";
		};
/* End PBXGroup section */

/* Begin PBXNativeTarget section */
		4831B3EA2AB312220018D46C /* 0914hw */ = {
			isa = PBXNativeTarget;
			buildConfigurationList = 4831B3FF2AB312250018D46C /* Build configuration list for PBXNativeTarget "0914hw" */;
			buildPhases = (
				4831B3E72AB312220018D46C /* Sources */,
				4831B3E82AB312220018D46C /* Frameworks */,
				4831B3E92AB312220018D46C /* Resources */,
			);
			buildRules = (
			);
			dependencies = (
			);
			name = 0914hw;
			packageProductDependencies = (
				4831B4032AB3123B0018D46C /* SnapKit */,
				4831B4062AB312430018D46C /* Alamofire */,
				4831B4092AB3124D0018D46C /* Kingfisher */,
			);
			productName = 0914hw;
			productReference = 4831B3EB2AB312220018D46C /* 0914hw.app */;
			productType = "com.apple.product-type.application";
		};
/* End PBXNativeTarget section */

/* Begin PBXProject section */
		4831B3E32AB312220018D46C /* Project object */ = {
			isa = PBXProject;
			attributes = {
				BuildIndependentTargetsInParallel = 1;
				LastSwiftUpdateCheck = 1430;
				LastUpgradeCheck = 1430;
				TargetAttributes = {
					4831B3EA2AB312220018D46C = {
						CreatedOnToolsVersion = 14.3.1;
					};
				};
			};
			buildConfigurationList = 4831B3E62AB312220018D46C /* Build configuration list for PBXProject "0914hw" */;
			compatibilityVersion = "Xcode 14.0";
			developmentRegion = en;
			hasScannedForEncodings = 0;
			knownRegions = (
				en,
				Base,
			);
			mainGroup = 4831B3E22AB312220018D46C;
			packageReferences = (
				4831B4022AB3123B0018D46C /* XCRemoteSwiftPackageReference "SnapKit" */,
				4831B4052AB312430018D46C /* XCRemoteSwiftPackageReference "Alamofire" */,
				4831B4082AB3124D0018D46C /* XCRemoteSwiftPackageReference "Kingfisher" */,
			);
			productRefGroup = 4831B3EC2AB312220018D46C /* Products */;
			projectDirPath = "";
			projectRoot = "";
			targets = (
				4831B3EA2AB312220018D46C /* 0914hw */,
			);
		};
/* End PBXProject section */

/* Begin PBXResourcesBuildPhase section */
		4831B3E92AB312220018D46C /* Resources */ = {
			isa = PBXResourcesBuildPhase;
			buildActionMask = 2147483647;
			files = (
				4831B3FB2AB312250018D46C /* LaunchScreen.storyboard in Resources */,
				4831B3F82AB312250018D46C /* Assets.xcassets in Resources */,
				4831B3F62AB312220018D46C /* Main.storyboard in Resources */,
			);
			runOnlyForDeploymentPostprocessing = 0;
		};
/* End PBXResourcesBuildPhase section */

/* Begin PBXSourcesBuildPhase section */
		4831B3E72AB312220018D46C /* Sources */ = {
			isa = PBXSourcesBuildPhase;
			buildActionMask = 2147483647;
			files = (
				4831B3F32AB312220018D46C /* ViewController.swift in Sources */,
				4831B4182AB327E20018D46C /* EmojiDetailViewController.swift in Sources */,
				4831B3EF2AB312220018D46C /* AppDelegate.swift in Sources */,
				4831B4162AB327810018D46C /* Emoji.swift in Sources */,
				4831B3F12AB312220018D46C /* SceneDelegate.swift in Sources */,
				4831B4142AB325AA0018D46C /* EmojiExplorerListViewController.swift in Sources */,
				4831B40F2AB312BE0018D46C /* User.swift in Sources */,
				4831B4112AB314D50018D46C /* SimpleCollectionViewController.swift in Sources */,
				4831B40D2AB312880018D46C /* SimpleTableViewController.swift in Sources */,
			);
			runOnlyForDeploymentPostprocessing = 0;
		};
/* End PBXSourcesBuildPhase section */

/* Begin PBXVariantGroup section */
		4831B3F42AB312220018D46C /* Main.storyboard */ = {
			isa = PBXVariantGroup;
			children = (
				4831B3F52AB312220018D46C /* Base */,
			);
			name = Main.storyboard;
			sourceTree = "<group>";
		};
		4831B3F92AB312250018D46C /* LaunchScreen.storyboard */ = {
			isa = PBXVariantGroup;
			children = (
				4831B3FA2AB312250018D46C /* Base */,
			);
			name = LaunchScreen.storyboard;
			sourceTree = "<group>";
		};
/* End PBXVariantGroup section */

/* Begin XCBuildConfiguration section */
		4831B3FD2AB312250018D46C /* Debug */ = {
			isa = XCBuildConfiguration;
			buildSettings = {
				ALWAYS_SEARCH_USER_PATHS = NO;
				CLANG_ANALYZER_NONNULL = YES;
				CLANG_ANALYZER_NUMBER_OBJECT_CONVERSION = YES_AGGRESSIVE;
				CLANG_CXX_LANGUAGE_STANDARD = "gnu++20";
				CLANG_ENABLE_MODULES = YES;
				CLANG_ENABLE_OBJC_ARC = YES;
				CLANG_ENABLE_OBJC_WEAK = YES;
				CLANG_WARN_BLOCK_CAPTURE_AUTORELEASING = YES;
				CLANG_WARN_BOOL_CONVERSION = YES;
				CLANG_WARN_COMMA = YES;
				CLANG_WARN_CONSTANT_CONVERSION = YES;
				CLANG_WARN_DEPRECATED_OBJC_IMPLEMENTATIONS = YES;
				CLANG_WARN_DIRECT_OBJC_ISA_USAGE = YES_ERROR;
				CLANG_WARN_DOCUMENTATION_COMMENTS = YES;
				CLANG_WARN_EMPTY_BODY = YES;
				CLANG_WARN_ENUM_CONVERSION = YES;
				CLANG_WARN_INFINITE_RECURSION = YES;
				CLANG_WARN_INT_CONVERSION = YES;
				CLANG_WARN_NON_LITERAL_NULL_CONVERSION = YES;
				CLANG_WARN_OBJC_IMPLICIT_RETAIN_SELF = YES;
				CLANG_WARN_OBJC_LITERAL_CONVERSION = YES;
				CLANG_WARN_OBJC_ROOT_CLASS = YES_ERROR;
				CLANG_WARN_QUOTED_INCLUDE_IN_FRAMEWORK_HEADER = YES;
				CLANG_WARN_RANGE_LOOP_ANALYSIS = YES;
				CLANG_WARN_STRICT_PROTOTYPES = YES;
				CLANG_WARN_SUSPICIOUS_MOVE = YES;
				CLANG_WARN_UNGUARDED_AVAILABILITY = YES_AGGRESSIVE;
				CLANG_WARN_UNREACHABLE_CODE = YES;
				CLANG_WARN__DUPLICATE_METHOD_MATCH = YES;
				COPY_PHASE_STRIP = NO;
				DEBUG_INFORMATION_FORMAT = dwarf;
				ENABLE_STRICT_OBJC_MSGSEND = YES;
				ENABLE_TESTABILITY = YES;
				GCC_C_LANGUAGE_STANDARD = gnu11;
				GCC_DYNAMIC_NO_PIC = NO;
				GCC_NO_COMMON_BLOCKS = YES;
				GCC_OPTIMIZATION_LEVEL = 0;
				GCC_PREPROCESSOR_DEFINITIONS = (
					"DEBUG=1",
					"$(inherited)",
				);
				GCC_WARN_64_TO_32_BIT_CONVERSION = YES;
				GCC_WARN_ABOUT_RETURN_TYPE = YES_ERROR;
				GCC_WARN_UNDECLARED_SELECTOR = YES;
				GCC_WARN_UNINITIALIZED_AUTOS = YES_AGGRESSIVE;
				GCC_WARN_UNUSED_FUNCTION = YES;
				GCC_WARN_UNUSED_VARIABLE = YES;
				IPHONEOS_DEPLOYMENT_TARGET = 16.4;
				MTL_ENABLE_DEBUG_INFO = INCLUDE_SOURCE;
				MTL_FAST_MATH = YES;
				ONLY_ACTIVE_ARCH = YES;
				SDKROOT = iphoneos;
				SWIFT_ACTIVE_COMPILATION_CONDITIONS = DEBUG;
				SWIFT_OPTIMIZATION_LEVEL = "-Onone";
			};
			name = Debug;
		};
		4831B3FE2AB312250018D46C /* Release */ = {
			isa = XCBuildConfiguration;
			buildSettings = {
				ALWAYS_SEARCH_USER_PATHS = NO;
				CLANG_ANALYZER_NONNULL = YES;
				CLANG_ANALYZER_NUMBER_OBJECT_CONVERSION = YES_AGGRESSIVE;
				CLANG_CXX_LANGUAGE_STANDARD = "gnu++20";
				CLANG_ENABLE_MODULES = YES;
				CLANG_ENABLE_OBJC_ARC = YES;
				CLANG_ENABLE_OBJC_WEAK = YES;
				CLANG_WARN_BLOCK_CAPTURE_AUTORELEASING = YES;
				CLANG_WARN_BOOL_CONVERSION = YES;
				CLANG_WARN_COMMA = YES;
				CLANG_WARN_CONSTANT_CONVERSION = YES;
				CLANG_WARN_DEPRECATED_OBJC_IMPLEMENTATIONS = YES;
				CLANG_WARN_DIRECT_OBJC_ISA_USAGE = YES_ERROR;
				CLANG_WARN_DOCUMENTATION_COMMENTS = YES;
				CLANG_WARN_EMPTY_BODY = YES;
				CLANG_WARN_ENUM_CONVERSION = YES;
				CLANG_WARN_INFINITE_RECURSION = YES;
				CLANG_WARN_INT_CONVERSION = YES;
				CLANG_WARN_NON_LITERAL_NULL_CONVERSION = YES;
				CLANG_WARN_OBJC_IMPLICIT_RETAIN_SELF = YES;
				CLANG_WARN_OBJC_LITERAL_CONVERSION = YES;
				CLANG_WARN_OBJC_ROOT_CLASS = YES_ERROR;
				CLANG_WARN_QUOTED_INCLUDE_IN_FRAMEWORK_HEADER = YES;
				CLANG_WARN_RANGE_LOOP_ANALYSIS = YES;
				CLANG_WARN_STRICT_PROTOTYPES = YES;
				CLANG_WARN_SUSPICIOUS_MOVE = YES;
				CLANG_WARN_UNGUARDED_AVAILABILITY = YES_AGGRESSIVE;
				CLANG_WARN_UNREACHABLE_CODE = YES;
				CLANG_WARN__DUPLICATE_METHOD_MATCH = YES;
				COPY_PHASE_STRIP = NO;
				DEBUG_INFORMATION_FORMAT = "dwarf-with-dsym";
				ENABLE_NS_ASSERTIONS = NO;
				ENABLE_STRICT_OBJC_MSGSEND = YES;
				GCC_C_LANGUAGE_STANDARD = gnu11;
				GCC_NO_COMMON_BLOCKS = YES;
				GCC_WARN_64_TO_32_BIT_CONVERSION = YES;
				GCC_WARN_ABOUT_RETURN_TYPE = YES_ERROR;
				GCC_WARN_UNDECLARED_SELECTOR = YES;
				GCC_WARN_UNINITIALIZED_AUTOS = YES_AGGRESSIVE;
				GCC_WARN_UNUSED_FUNCTION = YES;
				GCC_WARN_UNUSED_VARIABLE = YES;
				IPHONEOS_DEPLOYMENT_TARGET = 16.4;
				MTL_ENABLE_DEBUG_INFO = NO;
				MTL_FAST_MATH = YES;
				SDKROOT = iphoneos;
				SWIFT_COMPILATION_MODE = wholemodule;
				SWIFT_OPTIMIZATION_LEVEL = "-O";
				VALIDATE_PRODUCT = YES;
			};
			name = Release;
		};
		4831B4002AB312250018D46C /* Debug */ = {
			isa = XCBuildConfiguration;
			buildSettings = {
				ASSETCATALOG_COMPILER_APPICON_NAME = AppIcon;
				ASSETCATALOG_COMPILER_GLOBAL_ACCENT_COLOR_NAME = AccentColor;
				CODE_SIGN_STYLE = Automatic;
				CURRENT_PROJECT_VERSION = 1;
				DEVELOPMENT_TEAM = 2S9WHYP486;
				GENERATE_INFOPLIST_FILE = YES;
				INFOPLIST_FILE = 0914hw/Info.plist;
				INFOPLIST_KEY_UIApplicationSupportsIndirectInputEvents = YES;
				INFOPLIST_KEY_UILaunchStoryboardName = LaunchScreen;
				INFOPLIST_KEY_UIMainStoryboardFile = Main;
				INFOPLIST_KEY_UISupportedInterfaceOrientations_iPad = "UIInterfaceOrientationPortrait UIInterfaceOrientationPortraitUpsideDown UIInterfaceOrientationLandscapeLeft UIInterfaceOrientationLandscapeRight";
				INFOPLIST_KEY_UISupportedInterfaceOrientations_iPhone = "UIInterfaceOrientationPortrait UIInterfaceOrientationLandscapeLeft UIInterfaceOrientationLandscapeRight";
				IPHONEOS_DEPLOYMENT_TARGET = 15.4;
				LD_RUNPATH_SEARCH_PATHS = (
					"$(inherited)",
					"@executable_path/Frameworks",
				);
				MARKETING_VERSION = 1.0;
				PRODUCT_BUNDLE_IDENTIFIER = "com.noah.-721hw";
				PRODUCT_NAME = "$(TARGET_NAME)";
				SWIFT_EMIT_LOC_STRINGS = YES;
				SWIFT_VERSION = 5.0;
				TARGETED_DEVICE_FAMILY = "1,2";
			};
			name = Debug;
		};
		4831B4012AB312250018D46C /* Release */ = {
			isa = XCBuildConfiguration;
			buildSettings = {
				ASSETCATALOG_COMPILER_APPICON_NAME = AppIcon;
				ASSETCATALOG_COMPILER_GLOBAL_ACCENT_COLOR_NAME = AccentColor;
				CODE_SIGN_STYLE = Automatic;
				CURRENT_PROJECT_VERSION = 1;
				DEVELOPMENT_TEAM = 2S9WHYP486;
				GENERATE_INFOPLIST_FILE = YES;
				INFOPLIST_FILE = 0914hw/Info.plist;
				INFOPLIST_KEY_UIApplicationSupportsIndirectInputEvents = YES;
				INFOPLIST_KEY_UILaunchStoryboardName = LaunchScreen;
				INFOPLIST_KEY_UIMainStoryboardFile = Main;
				INFOPLIST_KEY_UISupportedInterfaceOrientations_iPad = "UIInterfaceOrientationPortrait UIInterfaceOrientationPortraitUpsideDown UIInterfaceOrientationLandscapeLeft UIInterfaceOrientationLandscapeRight";
				INFOPLIST_KEY_UISupportedInterfaceOrientations_iPhone = "UIInterfaceOrientationPortrait UIInterfaceOrientationLandscapeLeft UIInterfaceOrientationLandscapeRight";
				IPHONEOS_DEPLOYMENT_TARGET = 15.4;
				LD_RUNPATH_SEARCH_PATHS = (
					"$(inherited)",
					"@executable_path/Frameworks",
				);
				MARKETING_VERSION = 1.0;
				PRODUCT_BUNDLE_IDENTIFIER = "com.noah.-721hw";
				PRODUCT_NAME = "$(TARGET_NAME)";
				SWIFT_EMIT_LOC_STRINGS = YES;
				SWIFT_VERSION = 5.0;
				TARGETED_DEVICE_FAMILY = "1,2";
			};
			name = Release;
		};
/* End XCBuildConfiguration section */

/* Begin XCConfigurationList section */
		4831B3E62AB312220018D46C /* Build configuration list for PBXProject "0914hw" */ = {
			isa = XCConfigurationList;
			buildConfigurations = (
				4831B3FD2AB312250018D46C /* Debug */,
				4831B3FE2AB312250018D46C /* Release */,
			);
			defaultConfigurationIsVisible = 0;
			defaultConfigurationName = Release;
		};
		4831B3FF2AB312250018D46C /* Build configuration list for PBXNativeTarget "0914hw" */ = {
			isa = XCConfigurationList;
			buildConfigurations = (
				4831B4002AB312250018D46C /* Debug */,
				4831B4012AB312250018D46C /* Release */,
			);
			defaultConfigurationIsVisible = 0;
			defaultConfigurationName = Release;
		};
/* End XCConfigurationList section */

/* Begin XCRemoteSwiftPackageReference section */
		4831B4022AB3123B0018D46C /* XCRemoteSwiftPackageReference "SnapKit" */ = {
			isa = XCRemoteSwiftPackageReference;
			repositoryURL = "https://github.com/SnapKit/SnapKit";
			requirement = {
				kind = upToNextMajorVersion;
				minimumVersion = 5.0.0;
			};
		};
		4831B4052AB312430018D46C /* XCRemoteSwiftPackageReference "Alamofire" */ = {
			isa = XCRemoteSwiftPackageReference;
			repositoryURL = "https://github.com/Alamofire/Alamofire";
			requirement = {
				kind = upToNextMajorVersion;
				minimumVersion = 5.0.0;
			};
		};
		4831B4082AB3124D0018D46C /* XCRemoteSwiftPackageReference "Kingfisher" */ = {
			isa = XCRemoteSwiftPackageReference;
			repositoryURL = "https://github.com/onevcat/Kingfisher";
			requirement = {
				kind = upToNextMajorVersion;
				minimumVersion = 7.0.0;
			};
		};
/* End XCRemoteSwiftPackageReference section */

/* Begin XCSwiftPackageProductDependency section */
		4831B4032AB3123B0018D46C /* SnapKit */ = {
			isa = XCSwiftPackageProductDependency;
			package = 4831B4022AB3123B0018D46C /* XCRemoteSwiftPackageReference "SnapKit" */;
			productName = SnapKit;
		};
		4831B4062AB312430018D46C /* Alamofire */ = {
			isa = XCSwiftPackageProductDependency;
			package = 4831B4052AB312430018D46C /* XCRemoteSwiftPackageReference "Alamofire" */;
			productName = Alamofire;
		};
		4831B4092AB3124D0018D46C /* Kingfisher */ = {
			isa = XCSwiftPackageProductDependency;
			package = 4831B4082AB3124D0018D46C /* XCRemoteSwiftPackageReference "Kingfisher" */;
			productName = Kingfisher;
		};
/* End XCSwiftPackageProductDependency section */
	};
	rootObject = 4831B3E32AB312220018D46C /* Project object */;
}
