// !$*UTF8*$!
{
	archiveVersion = 1;
	classes = {
	};
	objectVersion = 56;
	objects = {

/* Begin PBXBuildFile section */
		4869F91C2A949C3A00BA3517 /* AppDelegate.swift in Sources */ = {isa = PBXBuildFile; fileRef = 4869F91B2A949C3A00BA3517 /* AppDelegate.swift */; };
		4869F91E2A949C3A00BA3517 /* SceneDelegate.swift in Sources */ = {isa = PBXBuildFile; fileRef = 4869F91D2A949C3A00BA3517 /* SceneDelegate.swift */; };
		4869F9202A949C3A00BA3517 /* ViewController.swift in Sources */ = {isa = PBXBuildFile; fileRef = 4869F91F2A949C3A00BA3517 /* ViewController.swift */; };
		4869F9232A949C3A00BA3517 /* Main.storyboard in Resources */ = {isa = PBXBuildFile; fileRef = 4869F9212A949C3A00BA3517 /* Main.storyboard */; };
		4869F9252A949C3B00BA3517 /* Assets.xcassets in Resources */ = {isa = PBXBuildFile; fileRef = 4869F9242A949C3B00BA3517 /* Assets.xcassets */; };
		4869F9282A949C3B00BA3517 /* LaunchScreen.storyboard in Resources */ = {isa = PBXBuildFile; fileRef = 4869F9262A949C3B00BA3517 /* LaunchScreen.storyboard */; };
		4869F9312A949CB600BA3517 /* SnapKit in Frameworks */ = {isa = PBXBuildFile; productRef = 4869F9302A949CB600BA3517 /* SnapKit */; };
		4869F9342A949CFA00BA3517 /* Ex1ViewController.swift in Sources */ = {isa = PBXBuildFile; fileRef = 4869F9332A949CFA00BA3517 /* Ex1ViewController.swift */; };
		4869F9362A94A36A00BA3517 /* Ex2ViewController.swift in Sources */ = {isa = PBXBuildFile; fileRef = 4869F9352A94A36A00BA3517 /* Ex2ViewController.swift */; };
		4869F9392A94ADCA00BA3517 /* Extension+Button.swift in Sources */ = {isa = PBXBuildFile; fileRef = 4869F9382A94ADCA00BA3517 /* Extension+Button.swift */; };
		4869F93B2A94B1FA00BA3517 /* Ex3ViewController.swift in Sources */ = {isa = PBXBuildFile; fileRef = 4869F93A2A94B1FA00BA3517 /* Ex3ViewController.swift */; };
		4869F93D2A94CFA100BA3517 /* PaddingLabel.swift in Sources */ = {isa = PBXBuildFile; fileRef = 4869F93C2A94CFA100BA3517 /* PaddingLabel.swift */; };
		4869F9402A94E3AD00BA3517 /* ButtonTestViewController.swift in Sources */ = {isa = PBXBuildFile; fileRef = 4869F93F2A94E3AD00BA3517 /* ButtonTestViewController.swift */; };
/* End PBXBuildFile section */

/* Begin PBXFileReference section */
		4869F9182A949C3A00BA3517 /* 0822hw.app */ = {isa = PBXFileReference; explicitFileType = wrapper.application; includeInIndex = 0; path = 0822hw.app; sourceTree = BUILT_PRODUCTS_DIR; };
		4869F91B2A949C3A00BA3517 /* AppDelegate.swift */ = {isa = PBXFileReference; lastKnownFileType = sourcecode.swift; path = AppDelegate.swift; sourceTree = "<group>"; };
		4869F91D2A949C3A00BA3517 /* SceneDelegate.swift */ = {isa = PBXFileReference; lastKnownFileType = sourcecode.swift; path = SceneDelegate.swift; sourceTree = "<group>"; };
		4869F91F2A949C3A00BA3517 /* ViewController.swift */ = {isa = PBXFileReference; lastKnownFileType = sourcecode.swift; path = ViewController.swift; sourceTree = "<group>"; };
		4869F9222A949C3A00BA3517 /* Base */ = {isa = PBXFileReference; lastKnownFileType = file.storyboard; name = Base; path = Base.lproj/Main.storyboard; sourceTree = "<group>"; };
		4869F9242A949C3B00BA3517 /* Assets.xcassets */ = {isa = PBXFileReference; lastKnownFileType = folder.assetcatalog; path = Assets.xcassets; sourceTree = "<group>"; };
		4869F9272A949C3B00BA3517 /* Base */ = {isa = PBXFileReference; lastKnownFileType = file.storyboard; name = Base; path = Base.lproj/LaunchScreen.storyboard; sourceTree = "<group>"; };
		4869F9292A949C3B00BA3517 /* Info.plist */ = {isa = PBXFileReference; lastKnownFileType = text.plist.xml; path = Info.plist; sourceTree = "<group>"; };
		4869F9332A949CFA00BA3517 /* Ex1ViewController.swift */ = {isa = PBXFileReference; lastKnownFileType = sourcecode.swift; path = Ex1ViewController.swift; sourceTree = "<group>"; };
		4869F9352A94A36A00BA3517 /* Ex2ViewController.swift */ = {isa = PBXFileReference; lastKnownFileType = sourcecode.swift; path = Ex2ViewController.swift; sourceTree = "<group>"; };
		4869F9382A94ADCA00BA3517 /* Extension+Button.swift */ = {isa = PBXFileReference; lastKnownFileType = sourcecode.swift; path = "Extension+Button.swift"; sourceTree = "<group>"; };
		4869F93A2A94B1FA00BA3517 /* Ex3ViewController.swift */ = {isa = PBXFileReference; lastKnownFileType = sourcecode.swift; path = Ex3ViewController.swift; sourceTree = "<group>"; };
		4869F93C2A94CFA100BA3517 /* PaddingLabel.swift */ = {isa = PBXFileReference; lastKnownFileType = sourcecode.swift; path = PaddingLabel.swift; sourceTree = "<group>"; };
		4869F93F2A94E3AD00BA3517 /* ButtonTestViewController.swift */ = {isa = PBXFileReference; lastKnownFileType = sourcecode.swift; path = ButtonTestViewController.swift; sourceTree = "<group>"; };
/* End PBXFileReference section */

/* Begin PBXFrameworksBuildPhase section */
		4869F9152A949C3A00BA3517 /* Frameworks */ = {
			isa = PBXFrameworksBuildPhase;
			buildActionMask = 2147483647;
			files = (
				4869F9312A949CB600BA3517 /* SnapKit in Frameworks */,
			);
			runOnlyForDeploymentPostprocessing = 0;
		};
/* End PBXFrameworksBuildPhase section */

/* Begin PBXGroup section */
		4869F90F2A949C3A00BA3517 = {
			isa = PBXGroup;
			children = (
				4869F91A2A949C3A00BA3517 /* 0822hw */,
				4869F9192A949C3A00BA3517 /* Products */,
			);
			sourceTree = "<group>";
		};
		4869F9192A949C3A00BA3517 /* Products */ = {
			isa = PBXGroup;
			children = (
				4869F9182A949C3A00BA3517 /* 0822hw.app */,
			);
			name = Products;
			sourceTree = "<group>";
		};
		4869F91A2A949C3A00BA3517 /* 0822hw */ = {
			isa = PBXGroup;
			children = (
				4869F93E2A94E39B00BA3517 /* BlogPractice */,
				4869F9372A94ADB300BA3517 /* Extension */,
				4869F9322A949CF000BA3517 /* Practice */,
				4869F91B2A949C3A00BA3517 /* AppDelegate.swift */,
				4869F91D2A949C3A00BA3517 /* SceneDelegate.swift */,
				4869F91F2A949C3A00BA3517 /* ViewController.swift */,
				4869F9212A949C3A00BA3517 /* Main.storyboard */,
				4869F9242A949C3B00BA3517 /* Assets.xcassets */,
				4869F9262A949C3B00BA3517 /* LaunchScreen.storyboard */,
				4869F9292A949C3B00BA3517 /* Info.plist */,
			);
			path = 0822hw;
			sourceTree = "<group>";
		};
		4869F9322A949CF000BA3517 /* Practice */ = {
			isa = PBXGroup;
			children = (
				4869F9332A949CFA00BA3517 /* Ex1ViewController.swift */,
				4869F9352A94A36A00BA3517 /* Ex2ViewController.swift */,
				4869F93A2A94B1FA00BA3517 /* Ex3ViewController.swift */,
			);
			path = Practice;
			sourceTree = "<group>";
		};
		4869F9372A94ADB300BA3517 /* Extension */ = {
			isa = PBXGroup;
			children = (
				4869F9382A94ADCA00BA3517 /* Extension+Button.swift */,
				4869F93C2A94CFA100BA3517 /* PaddingLabel.swift */,
			);
			path = Extension;
			sourceTree = "<group>";
		};
		4869F93E2A94E39B00BA3517 /* BlogPractice */ = {
			isa = PBXGroup;
			children = (
				4869F93F2A94E3AD00BA3517 /* ButtonTestViewController.swift */,
			);
			path = BlogPractice;
			sourceTree = "<group>";
		};
/* End PBXGroup section */

/* Begin PBXNativeTarget section */
		4869F9172A949C3A00BA3517 /* 0822hw */ = {
			isa = PBXNativeTarget;
			buildConfigurationList = 4869F92C2A949C3B00BA3517 /* Build configuration list for PBXNativeTarget "0822hw" */;
			buildPhases = (
				4869F9142A949C3A00BA3517 /* Sources */,
				4869F9152A949C3A00BA3517 /* Frameworks */,
				4869F9162A949C3A00BA3517 /* Resources */,
			);
			buildRules = (
			);
			dependencies = (
			);
			name = 0822hw;
			packageProductDependencies = (
				4869F9302A949CB600BA3517 /* SnapKit */,
			);
			productName = 0822hw;
			productReference = 4869F9182A949C3A00BA3517 /* 0822hw.app */;
			productType = "com.apple.product-type.application";
		};
/* End PBXNativeTarget section */

/* Begin PBXProject section */
		4869F9102A949C3A00BA3517 /* Project object */ = {
			isa = PBXProject;
			attributes = {
				BuildIndependentTargetsInParallel = 1;
				LastSwiftUpdateCheck = 1430;
				LastUpgradeCheck = 1430;
				TargetAttributes = {
					4869F9172A949C3A00BA3517 = {
						CreatedOnToolsVersion = 14.3.1;
					};
				};
			};
			buildConfigurationList = 4869F9132A949C3A00BA3517 /* Build configuration list for PBXProject "0822hw" */;
			compatibilityVersion = "Xcode 14.0";
			developmentRegion = en;
			hasScannedForEncodings = 0;
			knownRegions = (
				en,
				Base,
			);
			mainGroup = 4869F90F2A949C3A00BA3517;
			packageReferences = (
				4869F92F2A949CB600BA3517 /* XCRemoteSwiftPackageReference "SnapKit" */,
			);
			productRefGroup = 4869F9192A949C3A00BA3517 /* Products */;
			projectDirPath = "";
			projectRoot = "";
			targets = (
				4869F9172A949C3A00BA3517 /* 0822hw */,
			);
		};
/* End PBXProject section */

/* Begin PBXResourcesBuildPhase section */
		4869F9162A949C3A00BA3517 /* Resources */ = {
			isa = PBXResourcesBuildPhase;
			buildActionMask = 2147483647;
			files = (
				4869F9282A949C3B00BA3517 /* LaunchScreen.storyboard in Resources */,
				4869F9252A949C3B00BA3517 /* Assets.xcassets in Resources */,
				4869F9232A949C3A00BA3517 /* Main.storyboard in Resources */,
			);
			runOnlyForDeploymentPostprocessing = 0;
		};
/* End PBXResourcesBuildPhase section */

/* Begin PBXSourcesBuildPhase section */
		4869F9142A949C3A00BA3517 /* Sources */ = {
			isa = PBXSourcesBuildPhase;
			buildActionMask = 2147483647;
			files = (
				4869F9362A94A36A00BA3517 /* Ex2ViewController.swift in Sources */,
				4869F9202A949C3A00BA3517 /* ViewController.swift in Sources */,
				4869F91C2A949C3A00BA3517 /* AppDelegate.swift in Sources */,
				4869F93B2A94B1FA00BA3517 /* Ex3ViewController.swift in Sources */,
				4869F93D2A94CFA100BA3517 /* PaddingLabel.swift in Sources */,
				4869F9392A94ADCA00BA3517 /* Extension+Button.swift in Sources */,
				4869F9402A94E3AD00BA3517 /* ButtonTestViewController.swift in Sources */,
				4869F91E2A949C3A00BA3517 /* SceneDelegate.swift in Sources */,
				4869F9342A949CFA00BA3517 /* Ex1ViewController.swift in Sources */,
			);
			runOnlyForDeploymentPostprocessing = 0;
		};
/* End PBXSourcesBuildPhase section */

/* Begin PBXVariantGroup section */
		4869F9212A949C3A00BA3517 /* Main.storyboard */ = {
			isa = PBXVariantGroup;
			children = (
				4869F9222A949C3A00BA3517 /* Base */,
			);
			name = Main.storyboard;
			sourceTree = "<group>";
		};
		4869F9262A949C3B00BA3517 /* LaunchScreen.storyboard */ = {
			isa = PBXVariantGroup;
			children = (
				4869F9272A949C3B00BA3517 /* Base */,
			);
			name = LaunchScreen.storyboard;
			sourceTree = "<group>";
		};
/* End PBXVariantGroup section */

/* Begin XCBuildConfiguration section */
		4869F92A2A949C3B00BA3517 /* Debug */ = {
			isa = XCBuildConfiguration;
			buildSettings = {
				ALWAYS_SEARCH_USER_PATHS = NO;
				CLANG_ANALYZER_NONNULL = YES;
				CLANG_ANALYZER_NUMBER_OBJECT_CONVERSION = YES_AGGRESSIVE;
				CLANG_CXX_LANGUAGE_STANDARD = "gnu++20";
				CLANG_ENABLE_MODULES = YES;
				CLANG_ENABLE_OBJC_ARC = YES;
				CLANG_ENABLE_OBJC_WEAK = YES;
				CLANG_WARN_BLOCK_CAPTURE_AUTORELEASING = YES;
				CLANG_WARN_BOOL_CONVERSION = YES;
				CLANG_WARN_COMMA = YES;
				CLANG_WARN_CONSTANT_CONVERSION = YES;
				CLANG_WARN_DEPRECATED_OBJC_IMPLEMENTATIONS = YES;
				CLANG_WARN_DIRECT_OBJC_ISA_USAGE = YES_ERROR;
				CLANG_WARN_DOCUMENTATION_COMMENTS = YES;
				CLANG_WARN_EMPTY_BODY = YES;
				CLANG_WARN_ENUM_CONVERSION = YES;
				CLANG_WARN_INFINITE_RECURSION = YES;
				CLANG_WARN_INT_CONVERSION = YES;
				CLANG_WARN_NON_LITERAL_NULL_CONVERSION = YES;
				CLANG_WARN_OBJC_IMPLICIT_RETAIN_SELF = YES;
				CLANG_WARN_OBJC_LITERAL_CONVERSION = YES;
				CLANG_WARN_OBJC_ROOT_CLASS = YES_ERROR;
				CLANG_WARN_QUOTED_INCLUDE_IN_FRAMEWORK_HEADER = YES;
				CLANG_WARN_RANGE_LOOP_ANALYSIS = YES;
				CLANG_WARN_STRICT_PROTOTYPES = YES;
				CLANG_WARN_SUSPICIOUS_MOVE = YES;
				CLANG_WARN_UNGUARDED_AVAILABILITY = YES_AGGRESSIVE;
				CLANG_WARN_UNREACHABLE_CODE = YES;
				CLANG_WARN__DUPLICATE_METHOD_MATCH = YES;
				COPY_PHASE_STRIP = NO;
				DEBUG_INFORMATION_FORMAT = dwarf;
				ENABLE_STRICT_OBJC_MSGSEND = YES;
				ENABLE_TESTABILITY = YES;
				GCC_C_LANGUAGE_STANDARD = gnu11;
				GCC_DYNAMIC_NO_PIC = NO;
				GCC_NO_COMMON_BLOCKS = YES;
				GCC_OPTIMIZATION_LEVEL = 0;
				GCC_PREPROCESSOR_DEFINITIONS = (
					"DEBUG=1",
					"$(inherited)",
				);
				GCC_WARN_64_TO_32_BIT_CONVERSION = YES;
				GCC_WARN_ABOUT_RETURN_TYPE = YES_ERROR;
				GCC_WARN_UNDECLARED_SELECTOR = YES;
				GCC_WARN_UNINITIALIZED_AUTOS = YES_AGGRESSIVE;
				GCC_WARN_UNUSED_FUNCTION = YES;
				GCC_WARN_UNUSED_VARIABLE = YES;
				IPHONEOS_DEPLOYMENT_TARGET = 16.4;
				MTL_ENABLE_DEBUG_INFO = INCLUDE_SOURCE;
				MTL_FAST_MATH = YES;
				ONLY_ACTIVE_ARCH = YES;
				SDKROOT = iphoneos;
				SWIFT_ACTIVE_COMPILATION_CONDITIONS = DEBUG;
				SWIFT_OPTIMIZATION_LEVEL = "-Onone";
			};
			name = Debug;
		};
		4869F92B2A949C3B00BA3517 /* Release */ = {
			isa = XCBuildConfiguration;
			buildSettings = {
				ALWAYS_SEARCH_USER_PATHS = NO;
				CLANG_ANALYZER_NONNULL = YES;
				CLANG_ANALYZER_NUMBER_OBJECT_CONVERSION = YES_AGGRESSIVE;
				CLANG_CXX_LANGUAGE_STANDARD = "gnu++20";
				CLANG_ENABLE_MODULES = YES;
				CLANG_ENABLE_OBJC_ARC = YES;
				CLANG_ENABLE_OBJC_WEAK = YES;
				CLANG_WARN_BLOCK_CAPTURE_AUTORELEASING = YES;
				CLANG_WARN_BOOL_CONVERSION = YES;
				CLANG_WARN_COMMA = YES;
				CLANG_WARN_CONSTANT_CONVERSION = YES;
				CLANG_WARN_DEPRECATED_OBJC_IMPLEMENTATIONS = YES;
				CLANG_WARN_DIRECT_OBJC_ISA_USAGE = YES_ERROR;
				CLANG_WARN_DOCUMENTATION_COMMENTS = YES;
				CLANG_WARN_EMPTY_BODY = YES;
				CLANG_WARN_ENUM_CONVERSION = YES;
				CLANG_WARN_INFINITE_RECURSION = YES;
				CLANG_WARN_INT_CONVERSION = YES;
				CLANG_WARN_NON_LITERAL_NULL_CONVERSION = YES;
				CLANG_WARN_OBJC_IMPLICIT_RETAIN_SELF = YES;
				CLANG_WARN_OBJC_LITERAL_CONVERSION = YES;
				CLANG_WARN_OBJC_ROOT_CLASS = YES_ERROR;
				CLANG_WARN_QUOTED_INCLUDE_IN_FRAMEWORK_HEADER = YES;
				CLANG_WARN_RANGE_LOOP_ANALYSIS = YES;
				CLANG_WARN_STRICT_PROTOTYPES = YES;
				CLANG_WARN_SUSPICIOUS_MOVE = YES;
				CLANG_WARN_UNGUARDED_AVAILABILITY = YES_AGGRESSIVE;
				CLANG_WARN_UNREACHABLE_CODE = YES;
				CLANG_WARN__DUPLICATE_METHOD_MATCH = YES;
				COPY_PHASE_STRIP = NO;
				DEBUG_INFORMATION_FORMAT = "dwarf-with-dsym";
				ENABLE_NS_ASSERTIONS = NO;
				ENABLE_STRICT_OBJC_MSGSEND = YES;
				GCC_C_LANGUAGE_STANDARD = gnu11;
				GCC_NO_COMMON_BLOCKS = YES;
				GCC_WARN_64_TO_32_BIT_CONVERSION = YES;
				GCC_WARN_ABOUT_RETURN_TYPE = YES_ERROR;
				GCC_WARN_UNDECLARED_SELECTOR = YES;
				GCC_WARN_UNINITIALIZED_AUTOS = YES_AGGRESSIVE;
				GCC_WARN_UNUSED_FUNCTION = YES;
				GCC_WARN_UNUSED_VARIABLE = YES;
				IPHONEOS_DEPLOYMENT_TARGET = 16.4;
				MTL_ENABLE_DEBUG_INFO = NO;
				MTL_FAST_MATH = YES;
				SDKROOT = iphoneos;
				SWIFT_COMPILATION_MODE = wholemodule;
				SWIFT_OPTIMIZATION_LEVEL = "-O";
				VALIDATE_PRODUCT = YES;
			};
			name = Release;
		};
		4869F92D2A949C3B00BA3517 /* Debug */ = {
			isa = XCBuildConfiguration;
			buildSettings = {
				ASSETCATALOG_COMPILER_APPICON_NAME = AppIcon;
				ASSETCATALOG_COMPILER_GLOBAL_ACCENT_COLOR_NAME = AccentColor;
				CODE_SIGN_STYLE = Automatic;
				CURRENT_PROJECT_VERSION = 1;
				DEVELOPMENT_TEAM = 2S9WHYP486;
				GENERATE_INFOPLIST_FILE = YES;
				INFOPLIST_FILE = 0822hw/Info.plist;
				INFOPLIST_KEY_UIApplicationSupportsIndirectInputEvents = YES;
				INFOPLIST_KEY_UILaunchStoryboardName = LaunchScreen;
				INFOPLIST_KEY_UIMainStoryboardFile = Main;
				INFOPLIST_KEY_UISupportedInterfaceOrientations_iPad = "UIInterfaceOrientationPortrait UIInterfaceOrientationPortraitUpsideDown UIInterfaceOrientationLandscapeLeft UIInterfaceOrientationLandscapeRight";
				INFOPLIST_KEY_UISupportedInterfaceOrientations_iPhone = "UIInterfaceOrientationPortrait UIInterfaceOrientationLandscapeLeft UIInterfaceOrientationLandscapeRight";
				IPHONEOS_DEPLOYMENT_TARGET = 15.5;
				LD_RUNPATH_SEARCH_PATHS = (
					"$(inherited)",
					"@executable_path/Frameworks",
				);
				MARKETING_VERSION = 1.0;
				PRODUCT_BUNDLE_IDENTIFIER = "com.noah.-721hw";
				PRODUCT_NAME = "$(TARGET_NAME)";
				SWIFT_EMIT_LOC_STRINGS = YES;
				SWIFT_VERSION = 5.0;
				TARGETED_DEVICE_FAMILY = "1,2";
			};
			name = Debug;
		};
		4869F92E2A949C3B00BA3517 /* Release */ = {
			isa = XCBuildConfiguration;
			buildSettings = {
				ASSETCATALOG_COMPILER_APPICON_NAME = AppIcon;
				ASSETCATALOG_COMPILER_GLOBAL_ACCENT_COLOR_NAME = AccentColor;
				CODE_SIGN_STYLE = Automatic;
				CURRENT_PROJECT_VERSION = 1;
				DEVELOPMENT_TEAM = 2S9WHYP486;
				GENERATE_INFOPLIST_FILE = YES;
				INFOPLIST_FILE = 0822hw/Info.plist;
				INFOPLIST_KEY_UIApplicationSupportsIndirectInputEvents = YES;
				INFOPLIST_KEY_UILaunchStoryboardName = LaunchScreen;
				INFOPLIST_KEY_UIMainStoryboardFile = Main;
				INFOPLIST_KEY_UISupportedInterfaceOrientations_iPad = "UIInterfaceOrientationPortrait UIInterfaceOrientationPortraitUpsideDown UIInterfaceOrientationLandscapeLeft UIInterfaceOrientationLandscapeRight";
				INFOPLIST_KEY_UISupportedInterfaceOrientations_iPhone = "UIInterfaceOrientationPortrait UIInterfaceOrientationLandscapeLeft UIInterfaceOrientationLandscapeRight";
				IPHONEOS_DEPLOYMENT_TARGET = 15.5;
				LD_RUNPATH_SEARCH_PATHS = (
					"$(inherited)",
					"@executable_path/Frameworks",
				);
				MARKETING_VERSION = 1.0;
				PRODUCT_BUNDLE_IDENTIFIER = "com.noah.-721hw";
				PRODUCT_NAME = "$(TARGET_NAME)";
				SWIFT_EMIT_LOC_STRINGS = YES;
				SWIFT_VERSION = 5.0;
				TARGETED_DEVICE_FAMILY = "1,2";
			};
			name = Release;
		};
/* End XCBuildConfiguration section */

/* Begin XCConfigurationList section */
		4869F9132A949C3A00BA3517 /* Build configuration list for PBXProject "0822hw" */ = {
			isa = XCConfigurationList;
			buildConfigurations = (
				4869F92A2A949C3B00BA3517 /* Debug */,
				4869F92B2A949C3B00BA3517 /* Release */,
			);
			defaultConfigurationIsVisible = 0;
			defaultConfigurationName = Release;
		};
		4869F92C2A949C3B00BA3517 /* Build configuration list for PBXNativeTarget "0822hw" */ = {
			isa = XCConfigurationList;
			buildConfigurations = (
				4869F92D2A949C3B00BA3517 /* Debug */,
				4869F92E2A949C3B00BA3517 /* Release */,
			);
			defaultConfigurationIsVisible = 0;
			defaultConfigurationName = Release;
		};
/* End XCConfigurationList section */

/* Begin XCRemoteSwiftPackageReference section */
		4869F92F2A949CB600BA3517 /* XCRemoteSwiftPackageReference "SnapKit" */ = {
			isa = XCRemoteSwiftPackageReference;
			repositoryURL = "https://github.com/SnapKit/SnapKit";
			requirement = {
				kind = upToNextMajorVersion;
				minimumVersion = 5.0.0;
			};
		};
/* End XCRemoteSwiftPackageReference section */

/* Begin XCSwiftPackageProductDependency section */
		4869F9302A949CB600BA3517 /* SnapKit */ = {
			isa = XCSwiftPackageProductDependency;
			package = 4869F92F2A949CB600BA3517 /* XCRemoteSwiftPackageReference "SnapKit" */;
			productName = SnapKit;
		};
/* End XCSwiftPackageProductDependency section */
	};
	rootObject = 4869F9102A949C3A00BA3517 /* Project object */;
}
