// !$*UTF8*$!
{
	archiveVersion = 1;
	classes = {
	};
	objectVersion = 56;
	objects = {

/* Begin PBXBuildFile section */
		488738032A9DD20E00B0C503 /* AppDelegate.swift in Sources */ = {isa = PBXBuildFile; fileRef = 488738022A9DD20E00B0C503 /* AppDelegate.swift */; };
		488738052A9DD20E00B0C503 /* SceneDelegate.swift in Sources */ = {isa = PBXBuildFile; fileRef = 488738042A9DD20E00B0C503 /* SceneDelegate.swift */; };
		488738072A9DD20E00B0C503 /* ViewController.swift in Sources */ = {isa = PBXBuildFile; fileRef = 488738062A9DD20E00B0C503 /* ViewController.swift */; };
		4887380A2A9DD20E00B0C503 /* Main.storyboard in Resources */ = {isa = PBXBuildFile; fileRef = 488738082A9DD20E00B0C503 /* Main.storyboard */; };
		4887380C2A9DD21000B0C503 /* Assets.xcassets in Resources */ = {isa = PBXBuildFile; fileRef = 4887380B2A9DD21000B0C503 /* Assets.xcassets */; };
		4887380F2A9DD21000B0C503 /* LaunchScreen.storyboard in Resources */ = {isa = PBXBuildFile; fileRef = 4887380D2A9DD21000B0C503 /* LaunchScreen.storyboard */; };
		488738182A9DD27A00B0C503 /* BaseView.swift in Sources */ = {isa = PBXBuildFile; fileRef = 488738172A9DD27A00B0C503 /* BaseView.swift */; };
		4887381A2A9DD27F00B0C503 /* BaseViewController.swift in Sources */ = {isa = PBXBuildFile; fileRef = 488738192A9DD27F00B0C503 /* BaseViewController.swift */; };
		4887381D2A9DD29300B0C503 /* SnapKit in Frameworks */ = {isa = PBXBuildFile; productRef = 4887381C2A9DD29300B0C503 /* SnapKit */; };
		488738202A9DD38500B0C503 /* ModifyProfileView.swift in Sources */ = {isa = PBXBuildFile; fileRef = 4887381F2A9DD38500B0C503 /* ModifyProfileView.swift */; };
		488738242A9DD39C00B0C503 /* ModifyProfileViewController.swift in Sources */ = {isa = PBXBuildFile; fileRef = 488738232A9DD39C00B0C503 /* ModifyProfileViewController.swift */; };
		488738292A9DD83C00B0C503 /* NameViewController.swift in Sources */ = {isa = PBXBuildFile; fileRef = 488738282A9DD83C00B0C503 /* NameViewController.swift */; };
		4887382B2A9DD84200B0C503 /* UserNameView.swift in Sources */ = {isa = PBXBuildFile; fileRef = 4887382A2A9DD84200B0C503 /* UserNameView.swift */; };
		4887382D2A9DD84800B0C503 /* UserNameViewController.swift in Sources */ = {isa = PBXBuildFile; fileRef = 4887382C2A9DD84800B0C503 /* UserNameViewController.swift */; };
		4887382F2A9DD84D00B0C503 /* IntroView.swift in Sources */ = {isa = PBXBuildFile; fileRef = 4887382E2A9DD84D00B0C503 /* IntroView.swift */; };
		488738312A9DD85200B0C503 /* IntroViewController.swift in Sources */ = {isa = PBXBuildFile; fileRef = 488738302A9DD85200B0C503 /* IntroViewController.swift */; };
		488738332A9DD8B600B0C503 /* NameView.swift in Sources */ = {isa = PBXBuildFile; fileRef = 488738322A9DD8B600B0C503 /* NameView.swift */; };
/* End PBXBuildFile section */

/* Begin PBXFileReference section */
		488737FF2A9DD20E00B0C503 /* 0829hw.app */ = {isa = PBXFileReference; explicitFileType = wrapper.application; includeInIndex = 0; path = 0829hw.app; sourceTree = BUILT_PRODUCTS_DIR; };
		488738022A9DD20E00B0C503 /* AppDelegate.swift */ = {isa = PBXFileReference; lastKnownFileType = sourcecode.swift; path = AppDelegate.swift; sourceTree = "<group>"; };
		488738042A9DD20E00B0C503 /* SceneDelegate.swift */ = {isa = PBXFileReference; lastKnownFileType = sourcecode.swift; path = SceneDelegate.swift; sourceTree = "<group>"; };
		488738062A9DD20E00B0C503 /* ViewController.swift */ = {isa = PBXFileReference; lastKnownFileType = sourcecode.swift; path = ViewController.swift; sourceTree = "<group>"; };
		488738092A9DD20E00B0C503 /* Base */ = {isa = PBXFileReference; lastKnownFileType = file.storyboard; name = Base; path = Base.lproj/Main.storyboard; sourceTree = "<group>"; };
		4887380B2A9DD21000B0C503 /* Assets.xcassets */ = {isa = PBXFileReference; lastKnownFileType = folder.assetcatalog; path = Assets.xcassets; sourceTree = "<group>"; };
		4887380E2A9DD21000B0C503 /* Base */ = {isa = PBXFileReference; lastKnownFileType = file.storyboard; name = Base; path = Base.lproj/LaunchScreen.storyboard; sourceTree = "<group>"; };
		488738102A9DD21000B0C503 /* Info.plist */ = {isa = PBXFileReference; lastKnownFileType = text.plist.xml; path = Info.plist; sourceTree = "<group>"; };
		488738172A9DD27A00B0C503 /* BaseView.swift */ = {isa = PBXFileReference; lastKnownFileType = sourcecode.swift; path = BaseView.swift; sourceTree = "<group>"; };
		488738192A9DD27F00B0C503 /* BaseViewController.swift */ = {isa = PBXFileReference; lastKnownFileType = sourcecode.swift; path = BaseViewController.swift; sourceTree = "<group>"; };
		4887381F2A9DD38500B0C503 /* ModifyProfileView.swift */ = {isa = PBXFileReference; lastKnownFileType = sourcecode.swift; path = ModifyProfileView.swift; sourceTree = "<group>"; };
		488738232A9DD39C00B0C503 /* ModifyProfileViewController.swift */ = {isa = PBXFileReference; lastKnownFileType = sourcecode.swift; path = ModifyProfileViewController.swift; sourceTree = "<group>"; };
		488738282A9DD83C00B0C503 /* NameViewController.swift */ = {isa = PBXFileReference; lastKnownFileType = sourcecode.swift; path = NameViewController.swift; sourceTree = "<group>"; };
		4887382A2A9DD84200B0C503 /* UserNameView.swift */ = {isa = PBXFileReference; lastKnownFileType = sourcecode.swift; path = UserNameView.swift; sourceTree = "<group>"; };
		4887382C2A9DD84800B0C503 /* UserNameViewController.swift */ = {isa = PBXFileReference; lastKnownFileType = sourcecode.swift; path = UserNameViewController.swift; sourceTree = "<group>"; };
		4887382E2A9DD84D00B0C503 /* IntroView.swift */ = {isa = PBXFileReference; lastKnownFileType = sourcecode.swift; path = IntroView.swift; sourceTree = "<group>"; };
		488738302A9DD85200B0C503 /* IntroViewController.swift */ = {isa = PBXFileReference; lastKnownFileType = sourcecode.swift; path = IntroViewController.swift; sourceTree = "<group>"; };
		488738322A9DD8B600B0C503 /* NameView.swift */ = {isa = PBXFileReference; lastKnownFileType = sourcecode.swift; path = NameView.swift; sourceTree = "<group>"; };
/* End PBXFileReference section */

/* Begin PBXFrameworksBuildPhase section */
		488737FC2A9DD20E00B0C503 /* Frameworks */ = {
			isa = PBXFrameworksBuildPhase;
			buildActionMask = 2147483647;
			files = (
				4887381D2A9DD29300B0C503 /* SnapKit in Frameworks */,
			);
			runOnlyForDeploymentPostprocessing = 0;
		};
/* End PBXFrameworksBuildPhase section */

/* Begin PBXGroup section */
		488737F62A9DD20E00B0C503 = {
			isa = PBXGroup;
			children = (
				488738012A9DD20E00B0C503 /* 0829hw */,
				488738002A9DD20E00B0C503 /* Products */,
			);
			sourceTree = "<group>";
		};
		488738002A9DD20E00B0C503 /* Products */ = {
			isa = PBXGroup;
			children = (
				488737FF2A9DD20E00B0C503 /* 0829hw.app */,
			);
			name = Products;
			sourceTree = "<group>";
		};
		488738012A9DD20E00B0C503 /* 0829hw */ = {
			isa = PBXGroup;
			children = (
				488738252A9DD82300B0C503 /* Setting */,
				4887381E2A9DD36D00B0C503 /* ModifyProfile */,
				488738162A9DD26700B0C503 /* Base */,
				488738022A9DD20E00B0C503 /* AppDelegate.swift */,
				488738042A9DD20E00B0C503 /* SceneDelegate.swift */,
				488738062A9DD20E00B0C503 /* ViewController.swift */,
				488738082A9DD20E00B0C503 /* Main.storyboard */,
				4887380B2A9DD21000B0C503 /* Assets.xcassets */,
				4887380D2A9DD21000B0C503 /* LaunchScreen.storyboard */,
				488738102A9DD21000B0C503 /* Info.plist */,
			);
			path = 0829hw;
			sourceTree = "<group>";
		};
		488738162A9DD26700B0C503 /* Base */ = {
			isa = PBXGroup;
			children = (
				488738172A9DD27A00B0C503 /* BaseView.swift */,
				488738192A9DD27F00B0C503 /* BaseViewController.swift */,
			);
			path = Base;
			sourceTree = "<group>";
		};
		4887381E2A9DD36D00B0C503 /* ModifyProfile */ = {
			isa = PBXGroup;
			children = (
				4887381F2A9DD38500B0C503 /* ModifyProfileView.swift */,
				488738232A9DD39C00B0C503 /* ModifyProfileViewController.swift */,
			);
			path = ModifyProfile;
			sourceTree = "<group>";
		};
		488738252A9DD82300B0C503 /* Setting */ = {
			isa = PBXGroup;
			children = (
				488738322A9DD8B600B0C503 /* NameView.swift */,
				488738282A9DD83C00B0C503 /* NameViewController.swift */,
				4887382A2A9DD84200B0C503 /* UserNameView.swift */,
				4887382C2A9DD84800B0C503 /* UserNameViewController.swift */,
				4887382E2A9DD84D00B0C503 /* IntroView.swift */,
				488738302A9DD85200B0C503 /* IntroViewController.swift */,
			);
			path = Setting;
			sourceTree = "<group>";
		};
/* End PBXGroup section */

/* Begin PBXNativeTarget section */
		488737FE2A9DD20E00B0C503 /* 0829hw */ = {
			isa = PBXNativeTarget;
			buildConfigurationList = 488738132A9DD21000B0C503 /* Build configuration list for PBXNativeTarget "0829hw" */;
			buildPhases = (
				488737FB2A9DD20E00B0C503 /* Sources */,
				488737FC2A9DD20E00B0C503 /* Frameworks */,
				488737FD2A9DD20E00B0C503 /* Resources */,
			);
			buildRules = (
			);
			dependencies = (
			);
			name = 0829hw;
			packageProductDependencies = (
				4887381C2A9DD29300B0C503 /* SnapKit */,
			);
			productName = 0829hw;
			productReference = 488737FF2A9DD20E00B0C503 /* 0829hw.app */;
			productType = "com.apple.product-type.application";
		};
/* End PBXNativeTarget section */

/* Begin PBXProject section */
		488737F72A9DD20E00B0C503 /* Project object */ = {
			isa = PBXProject;
			attributes = {
				BuildIndependentTargetsInParallel = 1;
				LastSwiftUpdateCheck = 1430;
				LastUpgradeCheck = 1430;
				TargetAttributes = {
					488737FE2A9DD20E00B0C503 = {
						CreatedOnToolsVersion = 14.3.1;
					};
				};
			};
			buildConfigurationList = 488737FA2A9DD20E00B0C503 /* Build configuration list for PBXProject "0829hw" */;
			compatibilityVersion = "Xcode 14.0";
			developmentRegion = en;
			hasScannedForEncodings = 0;
			knownRegions = (
				en,
				Base,
			);
			mainGroup = 488737F62A9DD20E00B0C503;
			packageReferences = (
				4887381B2A9DD29300B0C503 /* XCRemoteSwiftPackageReference "SnapKit" */,
			);
			productRefGroup = 488738002A9DD20E00B0C503 /* Products */;
			projectDirPath = "";
			projectRoot = "";
			targets = (
				488737FE2A9DD20E00B0C503 /* 0829hw */,
			);
		};
/* End PBXProject section */

/* Begin PBXResourcesBuildPhase section */
		488737FD2A9DD20E00B0C503 /* Resources */ = {
			isa = PBXResourcesBuildPhase;
			buildActionMask = 2147483647;
			files = (
				4887380F2A9DD21000B0C503 /* LaunchScreen.storyboard in Resources */,
				4887380C2A9DD21000B0C503 /* Assets.xcassets in Resources */,
				4887380A2A9DD20E00B0C503 /* Main.storyboard in Resources */,
			);
			runOnlyForDeploymentPostprocessing = 0;
		};
/* End PBXResourcesBuildPhase section */

/* Begin PBXSourcesBuildPhase section */
		488737FB2A9DD20E00B0C503 /* Sources */ = {
			isa = PBXSourcesBuildPhase;
			buildActionMask = 2147483647;
			files = (
				488738332A9DD8B600B0C503 /* NameView.swift in Sources */,
				4887381A2A9DD27F00B0C503 /* BaseViewController.swift in Sources */,
				4887382D2A9DD84800B0C503 /* UserNameViewController.swift in Sources */,
				488738292A9DD83C00B0C503 /* NameViewController.swift in Sources */,
				4887382B2A9DD84200B0C503 /* UserNameView.swift in Sources */,
				488738072A9DD20E00B0C503 /* ViewController.swift in Sources */,
				4887382F2A9DD84D00B0C503 /* IntroView.swift in Sources */,
				488738032A9DD20E00B0C503 /* AppDelegate.swift in Sources */,
				488738052A9DD20E00B0C503 /* SceneDelegate.swift in Sources */,
				488738242A9DD39C00B0C503 /* ModifyProfileViewController.swift in Sources */,
				488738312A9DD85200B0C503 /* IntroViewController.swift in Sources */,
				488738202A9DD38500B0C503 /* ModifyProfileView.swift in Sources */,
				488738182A9DD27A00B0C503 /* BaseView.swift in Sources */,
			);
			runOnlyForDeploymentPostprocessing = 0;
		};
/* End PBXSourcesBuildPhase section */

/* Begin PBXVariantGroup section */
		488738082A9DD20E00B0C503 /* Main.storyboard */ = {
			isa = PBXVariantGroup;
			children = (
				488738092A9DD20E00B0C503 /* Base */,
			);
			name = Main.storyboard;
			sourceTree = "<group>";
		};
		4887380D2A9DD21000B0C503 /* LaunchScreen.storyboard */ = {
			isa = PBXVariantGroup;
			children = (
				4887380E2A9DD21000B0C503 /* Base */,
			);
			name = LaunchScreen.storyboard;
			sourceTree = "<group>";
		};
/* End PBXVariantGroup section */

/* Begin XCBuildConfiguration section */
		488738112A9DD21000B0C503 /* Debug */ = {
			isa = XCBuildConfiguration;
			buildSettings = {
				ALWAYS_SEARCH_USER_PATHS = NO;
				CLANG_ANALYZER_NONNULL = YES;
				CLANG_ANALYZER_NUMBER_OBJECT_CONVERSION = YES_AGGRESSIVE;
				CLANG_CXX_LANGUAGE_STANDARD = "gnu++20";
				CLANG_ENABLE_MODULES = YES;
				CLANG_ENABLE_OBJC_ARC = YES;
				CLANG_ENABLE_OBJC_WEAK = YES;
				CLANG_WARN_BLOCK_CAPTURE_AUTORELEASING = YES;
				CLANG_WARN_BOOL_CONVERSION = YES;
				CLANG_WARN_COMMA = YES;
				CLANG_WARN_CONSTANT_CONVERSION = YES;
				CLANG_WARN_DEPRECATED_OBJC_IMPLEMENTATIONS = YES;
				CLANG_WARN_DIRECT_OBJC_ISA_USAGE = YES_ERROR;
				CLANG_WARN_DOCUMENTATION_COMMENTS = YES;
				CLANG_WARN_EMPTY_BODY = YES;
				CLANG_WARN_ENUM_CONVERSION = YES;
				CLANG_WARN_INFINITE_RECURSION = YES;
				CLANG_WARN_INT_CONVERSION = YES;
				CLANG_WARN_NON_LITERAL_NULL_CONVERSION = YES;
				CLANG_WARN_OBJC_IMPLICIT_RETAIN_SELF = YES;
				CLANG_WARN_OBJC_LITERAL_CONVERSION = YES;
				CLANG_WARN_OBJC_ROOT_CLASS = YES_ERROR;
				CLANG_WARN_QUOTED_INCLUDE_IN_FRAMEWORK_HEADER = YES;
				CLANG_WARN_RANGE_LOOP_ANALYSIS = YES;
				CLANG_WARN_STRICT_PROTOTYPES = YES;
				CLANG_WARN_SUSPICIOUS_MOVE = YES;
				CLANG_WARN_UNGUARDED_AVAILABILITY = YES_AGGRESSIVE;
				CLANG_WARN_UNREACHABLE_CODE = YES;
				CLANG_WARN__DUPLICATE_METHOD_MATCH = YES;
				COPY_PHASE_STRIP = NO;
				DEBUG_INFORMATION_FORMAT = dwarf;
				ENABLE_STRICT_OBJC_MSGSEND = YES;
				ENABLE_TESTABILITY = YES;
				GCC_C_LANGUAGE_STANDARD = gnu11;
				GCC_DYNAMIC_NO_PIC = NO;
				GCC_NO_COMMON_BLOCKS = YES;
				GCC_OPTIMIZATION_LEVEL = 0;
				GCC_PREPROCESSOR_DEFINITIONS = (
					"DEBUG=1",
					"$(inherited)",
				);
				GCC_WARN_64_TO_32_BIT_CONVERSION = YES;
				GCC_WARN_ABOUT_RETURN_TYPE = YES_ERROR;
				GCC_WARN_UNDECLARED_SELECTOR = YES;
				GCC_WARN_UNINITIALIZED_AUTOS = YES_AGGRESSIVE;
				GCC_WARN_UNUSED_FUNCTION = YES;
				GCC_WARN_UNUSED_VARIABLE = YES;
				IPHONEOS_DEPLOYMENT_TARGET = 16.4;
				MTL_ENABLE_DEBUG_INFO = INCLUDE_SOURCE;
				MTL_FAST_MATH = YES;
				ONLY_ACTIVE_ARCH = YES;
				SDKROOT = iphoneos;
				SWIFT_ACTIVE_COMPILATION_CONDITIONS = DEBUG;
				SWIFT_OPTIMIZATION_LEVEL = "-Onone";
			};
			name = Debug;
		};
		488738122A9DD21000B0C503 /* Release */ = {
			isa = XCBuildConfiguration;
			buildSettings = {
				ALWAYS_SEARCH_USER_PATHS = NO;
				CLANG_ANALYZER_NONNULL = YES;
				CLANG_ANALYZER_NUMBER_OBJECT_CONVERSION = YES_AGGRESSIVE;
				CLANG_CXX_LANGUAGE_STANDARD = "gnu++20";
				CLANG_ENABLE_MODULES = YES;
				CLANG_ENABLE_OBJC_ARC = YES;
				CLANG_ENABLE_OBJC_WEAK = YES;
				CLANG_WARN_BLOCK_CAPTURE_AUTORELEASING = YES;
				CLANG_WARN_BOOL_CONVERSION = YES;
				CLANG_WARN_COMMA = YES;
				CLANG_WARN_CONSTANT_CONVERSION = YES;
				CLANG_WARN_DEPRECATED_OBJC_IMPLEMENTATIONS = YES;
				CLANG_WARN_DIRECT_OBJC_ISA_USAGE = YES_ERROR;
				CLANG_WARN_DOCUMENTATION_COMMENTS = YES;
				CLANG_WARN_EMPTY_BODY = YES;
				CLANG_WARN_ENUM_CONVERSION = YES;
				CLANG_WARN_INFINITE_RECURSION = YES;
				CLANG_WARN_INT_CONVERSION = YES;
				CLANG_WARN_NON_LITERAL_NULL_CONVERSION = YES;
				CLANG_WARN_OBJC_IMPLICIT_RETAIN_SELF = YES;
				CLANG_WARN_OBJC_LITERAL_CONVERSION = YES;
				CLANG_WARN_OBJC_ROOT_CLASS = YES_ERROR;
				CLANG_WARN_QUOTED_INCLUDE_IN_FRAMEWORK_HEADER = YES;
				CLANG_WARN_RANGE_LOOP_ANALYSIS = YES;
				CLANG_WARN_STRICT_PROTOTYPES = YES;
				CLANG_WARN_SUSPICIOUS_MOVE = YES;
				CLANG_WARN_UNGUARDED_AVAILABILITY = YES_AGGRESSIVE;
				CLANG_WARN_UNREACHABLE_CODE = YES;
				CLANG_WARN__DUPLICATE_METHOD_MATCH = YES;
				COPY_PHASE_STRIP = NO;
				DEBUG_INFORMATION_FORMAT = "dwarf-with-dsym";
				ENABLE_NS_ASSERTIONS = NO;
				ENABLE_STRICT_OBJC_MSGSEND = YES;
				GCC_C_LANGUAGE_STANDARD = gnu11;
				GCC_NO_COMMON_BLOCKS = YES;
				GCC_WARN_64_TO_32_BIT_CONVERSION = YES;
				GCC_WARN_ABOUT_RETURN_TYPE = YES_ERROR;
				GCC_WARN_UNDECLARED_SELECTOR = YES;
				GCC_WARN_UNINITIALIZED_AUTOS = YES_AGGRESSIVE;
				GCC_WARN_UNUSED_FUNCTION = YES;
				GCC_WARN_UNUSED_VARIABLE = YES;
				IPHONEOS_DEPLOYMENT_TARGET = 16.4;
				MTL_ENABLE_DEBUG_INFO = NO;
				MTL_FAST_MATH = YES;
				SDKROOT = iphoneos;
				SWIFT_COMPILATION_MODE = wholemodule;
				SWIFT_OPTIMIZATION_LEVEL = "-O";
				VALIDATE_PRODUCT = YES;
			};
			name = Release;
		};
		488738142A9DD21000B0C503 /* Debug */ = {
			isa = XCBuildConfiguration;
			buildSettings = {
				ASSETCATALOG_COMPILER_APPICON_NAME = AppIcon;
				ASSETCATALOG_COMPILER_GLOBAL_ACCENT_COLOR_NAME = AccentColor;
				CODE_SIGN_STYLE = Automatic;
				CURRENT_PROJECT_VERSION = 1;
				DEVELOPMENT_TEAM = 2S9WHYP486;
				GENERATE_INFOPLIST_FILE = YES;
				INFOPLIST_FILE = 0829hw/Info.plist;
				INFOPLIST_KEY_UIApplicationSupportsIndirectInputEvents = YES;
				INFOPLIST_KEY_UILaunchStoryboardName = LaunchScreen;
				INFOPLIST_KEY_UIMainStoryboardFile = Main;
				INFOPLIST_KEY_UISupportedInterfaceOrientations_iPad = "UIInterfaceOrientationPortrait UIInterfaceOrientationPortraitUpsideDown UIInterfaceOrientationLandscapeLeft UIInterfaceOrientationLandscapeRight";
				INFOPLIST_KEY_UISupportedInterfaceOrientations_iPhone = "UIInterfaceOrientationPortrait UIInterfaceOrientationLandscapeLeft UIInterfaceOrientationLandscapeRight";
				IPHONEOS_DEPLOYMENT_TARGET = 15.6;
				LD_RUNPATH_SEARCH_PATHS = (
					"$(inherited)",
					"@executable_path/Frameworks",
				);
				MARKETING_VERSION = 1.0;
				PRODUCT_BUNDLE_IDENTIFIER = "com.noah.-721hw";
				PRODUCT_NAME = "$(TARGET_NAME)";
				SWIFT_EMIT_LOC_STRINGS = YES;
				SWIFT_VERSION = 5.0;
				TARGETED_DEVICE_FAMILY = "1,2";
			};
			name = Debug;
		};
		488738152A9DD21000B0C503 /* Release */ = {
			isa = XCBuildConfiguration;
			buildSettings = {
				ASSETCATALOG_COMPILER_APPICON_NAME = AppIcon;
				ASSETCATALOG_COMPILER_GLOBAL_ACCENT_COLOR_NAME = AccentColor;
				CODE_SIGN_STYLE = Automatic;
				CURRENT_PROJECT_VERSION = 1;
				DEVELOPMENT_TEAM = 2S9WHYP486;
				GENERATE_INFOPLIST_FILE = YES;
				INFOPLIST_FILE = 0829hw/Info.plist;
				INFOPLIST_KEY_UIApplicationSupportsIndirectInputEvents = YES;
				INFOPLIST_KEY_UILaunchStoryboardName = LaunchScreen;
				INFOPLIST_KEY_UIMainStoryboardFile = Main;
				INFOPLIST_KEY_UISupportedInterfaceOrientations_iPad = "UIInterfaceOrientationPortrait UIInterfaceOrientationPortraitUpsideDown UIInterfaceOrientationLandscapeLeft UIInterfaceOrientationLandscapeRight";
				INFOPLIST_KEY_UISupportedInterfaceOrientations_iPhone = "UIInterfaceOrientationPortrait UIInterfaceOrientationLandscapeLeft UIInterfaceOrientationLandscapeRight";
				IPHONEOS_DEPLOYMENT_TARGET = 15.6;
				LD_RUNPATH_SEARCH_PATHS = (
					"$(inherited)",
					"@executable_path/Frameworks",
				);
				MARKETING_VERSION = 1.0;
				PRODUCT_BUNDLE_IDENTIFIER = "com.noah.-721hw";
				PRODUCT_NAME = "$(TARGET_NAME)";
				SWIFT_EMIT_LOC_STRINGS = YES;
				SWIFT_VERSION = 5.0;
				TARGETED_DEVICE_FAMILY = "1,2";
			};
			name = Release;
		};
/* End XCBuildConfiguration section */

/* Begin XCConfigurationList section */
		488737FA2A9DD20E00B0C503 /* Build configuration list for PBXProject "0829hw" */ = {
			isa = XCConfigurationList;
			buildConfigurations = (
				488738112A9DD21000B0C503 /* Debug */,
				488738122A9DD21000B0C503 /* Release */,
			);
			defaultConfigurationIsVisible = 0;
			defaultConfigurationName = Release;
		};
		488738132A9DD21000B0C503 /* Build configuration list for PBXNativeTarget "0829hw" */ = {
			isa = XCConfigurationList;
			buildConfigurations = (
				488738142A9DD21000B0C503 /* Debug */,
				488738152A9DD21000B0C503 /* Release */,
			);
			defaultConfigurationIsVisible = 0;
			defaultConfigurationName = Release;
		};
/* End XCConfigurationList section */

/* Begin XCRemoteSwiftPackageReference section */
		4887381B2A9DD29300B0C503 /* XCRemoteSwiftPackageReference "SnapKit" */ = {
			isa = XCRemoteSwiftPackageReference;
			repositoryURL = "https://github.com/SnapKit/SnapKit";
			requirement = {
				kind = upToNextMajorVersion;
				minimumVersion = 5.0.0;
			};
		};
/* End XCRemoteSwiftPackageReference section */

/* Begin XCSwiftPackageProductDependency section */
		4887381C2A9DD29300B0C503 /* SnapKit */ = {
			isa = XCSwiftPackageProductDependency;
			package = 4887381B2A9DD29300B0C503 /* XCRemoteSwiftPackageReference "SnapKit" */;
			productName = SnapKit;
		};
/* End XCSwiftPackageProductDependency section */
	};
	rootObject = 488737F72A9DD20E00B0C503 /* Project object */;
}
