// !$*UTF8*$!
{
	archiveVersion = 1;
	classes = {
	};
	objectVersion = 56;
	objects = {

/* Begin PBXBuildFile section */
		4869F94E2A95CAE100BA3517 /* AppDelegate.swift in Sources */ = {isa = PBXBuildFile; fileRef = 4869F94D2A95CAE100BA3517 /* AppDelegate.swift */; };
		4869F9502A95CAE100BA3517 /* SceneDelegate.swift in Sources */ = {isa = PBXBuildFile; fileRef = 4869F94F2A95CAE100BA3517 /* SceneDelegate.swift */; };
		4869F9522A95CAE100BA3517 /* ViewController.swift in Sources */ = {isa = PBXBuildFile; fileRef = 4869F9512A95CAE100BA3517 /* ViewController.swift */; };
		4869F9552A95CAE100BA3517 /* Main.storyboard in Resources */ = {isa = PBXBuildFile; fileRef = 4869F9532A95CAE100BA3517 /* Main.storyboard */; };
		4869F9572A95CAE200BA3517 /* Assets.xcassets in Resources */ = {isa = PBXBuildFile; fileRef = 4869F9562A95CAE200BA3517 /* Assets.xcassets */; };
		4869F95A2A95CAE200BA3517 /* LaunchScreen.storyboard in Resources */ = {isa = PBXBuildFile; fileRef = 4869F9582A95CAE200BA3517 /* LaunchScreen.storyboard */; };
		4869F9632A95D4B400BA3517 /* TheaterViewController.swift in Sources */ = {isa = PBXBuildFile; fileRef = 4869F9622A95D4B400BA3517 /* TheaterViewController.swift */; };
		4869F9662A95DA3F00BA3517 /* SnapKit in Frameworks */ = {isa = PBXBuildFile; productRef = 4869F9652A95DA3F00BA3517 /* SnapKit */; };
		4869F9682A95EA1800BA3517 /* About.swift in Sources */ = {isa = PBXBuildFile; fileRef = 4869F9672A95EA1800BA3517 /* About.swift */; };
/* End PBXBuildFile section */

/* Begin PBXFileReference section */
		4869F94A2A95CAE100BA3517 /* 0823hw.app */ = {isa = PBXFileReference; explicitFileType = wrapper.application; includeInIndex = 0; path = 0823hw.app; sourceTree = BUILT_PRODUCTS_DIR; };
		4869F94D2A95CAE100BA3517 /* AppDelegate.swift */ = {isa = PBXFileReference; lastKnownFileType = sourcecode.swift; path = AppDelegate.swift; sourceTree = "<group>"; };
		4869F94F2A95CAE100BA3517 /* SceneDelegate.swift */ = {isa = PBXFileReference; lastKnownFileType = sourcecode.swift; path = SceneDelegate.swift; sourceTree = "<group>"; };
		4869F9512A95CAE100BA3517 /* ViewController.swift */ = {isa = PBXFileReference; lastKnownFileType = sourcecode.swift; path = ViewController.swift; sourceTree = "<group>"; };
		4869F9542A95CAE100BA3517 /* Base */ = {isa = PBXFileReference; lastKnownFileType = file.storyboard; name = Base; path = Base.lproj/Main.storyboard; sourceTree = "<group>"; };
		4869F9562A95CAE200BA3517 /* Assets.xcassets */ = {isa = PBXFileReference; lastKnownFileType = folder.assetcatalog; path = Assets.xcassets; sourceTree = "<group>"; };
		4869F9592A95CAE200BA3517 /* Base */ = {isa = PBXFileReference; lastKnownFileType = file.storyboard; name = Base; path = Base.lproj/LaunchScreen.storyboard; sourceTree = "<group>"; };
		4869F95B2A95CAE200BA3517 /* Info.plist */ = {isa = PBXFileReference; lastKnownFileType = text.plist.xml; path = Info.plist; sourceTree = "<group>"; };
		4869F9622A95D4B400BA3517 /* TheaterViewController.swift */ = {isa = PBXFileReference; lastKnownFileType = sourcecode.swift; path = TheaterViewController.swift; sourceTree = "<group>"; };
		4869F9672A95EA1800BA3517 /* About.swift */ = {isa = PBXFileReference; lastKnownFileType = sourcecode.swift; path = About.swift; sourceTree = "<group>"; };
/* End PBXFileReference section */

/* Begin PBXFrameworksBuildPhase section */
		4869F9472A95CAE100BA3517 /* Frameworks */ = {
			isa = PBXFrameworksBuildPhase;
			buildActionMask = 2147483647;
			files = (
				4869F9662A95DA3F00BA3517 /* SnapKit in Frameworks */,
			);
			runOnlyForDeploymentPostprocessing = 0;
		};
/* End PBXFrameworksBuildPhase section */

/* Begin PBXGroup section */
		4869F9412A95CAE100BA3517 = {
			isa = PBXGroup;
			children = (
				4869F94C2A95CAE100BA3517 /* 0823hw */,
				4869F94B2A95CAE100BA3517 /* Products */,
			);
			sourceTree = "<group>";
		};
		4869F94B2A95CAE100BA3517 /* Products */ = {
			isa = PBXGroup;
			children = (
				4869F94A2A95CAE100BA3517 /* 0823hw.app */,
			);
			name = Products;
			sourceTree = "<group>";
		};
		4869F94C2A95CAE100BA3517 /* 0823hw */ = {
			isa = PBXGroup;
			children = (
				4869F9612A95D4A100BA3517 /* Theater */,
				4869F94D2A95CAE100BA3517 /* AppDelegate.swift */,
				4869F94F2A95CAE100BA3517 /* SceneDelegate.swift */,
				4869F9512A95CAE100BA3517 /* ViewController.swift */,
				4869F9532A95CAE100BA3517 /* Main.storyboard */,
				4869F9562A95CAE200BA3517 /* Assets.xcassets */,
				4869F9582A95CAE200BA3517 /* LaunchScreen.storyboard */,
				4869F95B2A95CAE200BA3517 /* Info.plist */,
			);
			path = 0823hw;
			sourceTree = "<group>";
		};
		4869F9612A95D4A100BA3517 /* Theater */ = {
			isa = PBXGroup;
			children = (
				4869F9622A95D4B400BA3517 /* TheaterViewController.swift */,
				4869F9672A95EA1800BA3517 /* About.swift */,
			);
			path = Theater;
			sourceTree = "<group>";
		};
/* End PBXGroup section */

/* Begin PBXNativeTarget section */
		4869F9492A95CAE100BA3517 /* 0823hw */ = {
			isa = PBXNativeTarget;
			buildConfigurationList = 4869F95E2A95CAE200BA3517 /* Build configuration list for PBXNativeTarget "0823hw" */;
			buildPhases = (
				4869F9462A95CAE100BA3517 /* Sources */,
				4869F9472A95CAE100BA3517 /* Frameworks */,
				4869F9482A95CAE100BA3517 /* Resources */,
			);
			buildRules = (
			);
			dependencies = (
			);
			name = 0823hw;
			packageProductDependencies = (
				4869F9652A95DA3F00BA3517 /* SnapKit */,
			);
			productName = 0823hw;
			productReference = 4869F94A2A95CAE100BA3517 /* 0823hw.app */;
			productType = "com.apple.product-type.application";
		};
/* End PBXNativeTarget section */

/* Begin PBXProject section */
		4869F9422A95CAE100BA3517 /* Project object */ = {
			isa = PBXProject;
			attributes = {
				BuildIndependentTargetsInParallel = 1;
				LastSwiftUpdateCheck = 1430;
				LastUpgradeCheck = 1430;
				TargetAttributes = {
					4869F9492A95CAE100BA3517 = {
						CreatedOnToolsVersion = 14.3.1;
					};
				};
			};
			buildConfigurationList = 4869F9452A95CAE100BA3517 /* Build configuration list for PBXProject "0823hw" */;
			compatibilityVersion = "Xcode 14.0";
			developmentRegion = en;
			hasScannedForEncodings = 0;
			knownRegions = (
				en,
				Base,
			);
			mainGroup = 4869F9412A95CAE100BA3517;
			packageReferences = (
				4869F9642A95DA3F00BA3517 /* XCRemoteSwiftPackageReference "SnapKit" */,
			);
			productRefGroup = 4869F94B2A95CAE100BA3517 /* Products */;
			projectDirPath = "";
			projectRoot = "";
			targets = (
				4869F9492A95CAE100BA3517 /* 0823hw */,
			);
		};
/* End PBXProject section */

/* Begin PBXResourcesBuildPhase section */
		4869F9482A95CAE100BA3517 /* Resources */ = {
			isa = PBXResourcesBuildPhase;
			buildActionMask = 2147483647;
			files = (
				4869F95A2A95CAE200BA3517 /* LaunchScreen.storyboard in Resources */,
				4869F9572A95CAE200BA3517 /* Assets.xcassets in Resources */,
				4869F9552A95CAE100BA3517 /* Main.storyboard in Resources */,
			);
			runOnlyForDeploymentPostprocessing = 0;
		};
/* End PBXResourcesBuildPhase section */

/* Begin PBXSourcesBuildPhase section */
		4869F9462A95CAE100BA3517 /* Sources */ = {
			isa = PBXSourcesBuildPhase;
			buildActionMask = 2147483647;
			files = (
				4869F9682A95EA1800BA3517 /* About.swift in Sources */,
				4869F9522A95CAE100BA3517 /* ViewController.swift in Sources */,
				4869F94E2A95CAE100BA3517 /* AppDelegate.swift in Sources */,
				4869F9632A95D4B400BA3517 /* TheaterViewController.swift in Sources */,
				4869F9502A95CAE100BA3517 /* SceneDelegate.swift in Sources */,
			);
			runOnlyForDeploymentPostprocessing = 0;
		};
/* End PBXSourcesBuildPhase section */

/* Begin PBXVariantGroup section */
		4869F9532A95CAE100BA3517 /* Main.storyboard */ = {
			isa = PBXVariantGroup;
			children = (
				4869F9542A95CAE100BA3517 /* Base */,
			);
			name = Main.storyboard;
			sourceTree = "<group>";
		};
		4869F9582A95CAE200BA3517 /* LaunchScreen.storyboard */ = {
			isa = PBXVariantGroup;
			children = (
				4869F9592A95CAE200BA3517 /* Base */,
			);
			name = LaunchScreen.storyboard;
			sourceTree = "<group>";
		};
/* End PBXVariantGroup section */

/* Begin XCBuildConfiguration section */
		4869F95C2A95CAE200BA3517 /* Debug */ = {
			isa = XCBuildConfiguration;
			buildSettings = {
				ALWAYS_SEARCH_USER_PATHS = NO;
				CLANG_ANALYZER_NONNULL = YES;
				CLANG_ANALYZER_NUMBER_OBJECT_CONVERSION = YES_AGGRESSIVE;
				CLANG_CXX_LANGUAGE_STANDARD = "gnu++20";
				CLANG_ENABLE_MODULES = YES;
				CLANG_ENABLE_OBJC_ARC = YES;
				CLANG_ENABLE_OBJC_WEAK = YES;
				CLANG_WARN_BLOCK_CAPTURE_AUTORELEASING = YES;
				CLANG_WARN_BOOL_CONVERSION = YES;
				CLANG_WARN_COMMA = YES;
				CLANG_WARN_CONSTANT_CONVERSION = YES;
				CLANG_WARN_DEPRECATED_OBJC_IMPLEMENTATIONS = YES;
				CLANG_WARN_DIRECT_OBJC_ISA_USAGE = YES_ERROR;
				CLANG_WARN_DOCUMENTATION_COMMENTS = YES;
				CLANG_WARN_EMPTY_BODY = YES;
				CLANG_WARN_ENUM_CONVERSION = YES;
				CLANG_WARN_INFINITE_RECURSION = YES;
				CLANG_WARN_INT_CONVERSION = YES;
				CLANG_WARN_NON_LITERAL_NULL_CONVERSION = YES;
				CLANG_WARN_OBJC_IMPLICIT_RETAIN_SELF = YES;
				CLANG_WARN_OBJC_LITERAL_CONVERSION = YES;
				CLANG_WARN_OBJC_ROOT_CLASS = YES_ERROR;
				CLANG_WARN_QUOTED_INCLUDE_IN_FRAMEWORK_HEADER = YES;
				CLANG_WARN_RANGE_LOOP_ANALYSIS = YES;
				CLANG_WARN_STRICT_PROTOTYPES = YES;
				CLANG_WARN_SUSPICIOUS_MOVE = YES;
				CLANG_WARN_UNGUARDED_AVAILABILITY = YES_AGGRESSIVE;
				CLANG_WARN_UNREACHABLE_CODE = YES;
				CLANG_WARN__DUPLICATE_METHOD_MATCH = YES;
				COPY_PHASE_STRIP = NO;
				DEBUG_INFORMATION_FORMAT = dwarf;
				ENABLE_STRICT_OBJC_MSGSEND = YES;
				ENABLE_TESTABILITY = YES;
				GCC_C_LANGUAGE_STANDARD = gnu11;
				GCC_DYNAMIC_NO_PIC = NO;
				GCC_NO_COMMON_BLOCKS = YES;
				GCC_OPTIMIZATION_LEVEL = 0;
				GCC_PREPROCESSOR_DEFINITIONS = (
					"DEBUG=1",
					"$(inherited)",
				);
				GCC_WARN_64_TO_32_BIT_CONVERSION = YES;
				GCC_WARN_ABOUT_RETURN_TYPE = YES_ERROR;
				GCC_WARN_UNDECLARED_SELECTOR = YES;
				GCC_WARN_UNINITIALIZED_AUTOS = YES_AGGRESSIVE;
				GCC_WARN_UNUSED_FUNCTION = YES;
				GCC_WARN_UNUSED_VARIABLE = YES;
				IPHONEOS_DEPLOYMENT_TARGET = 16.4;
				MTL_ENABLE_DEBUG_INFO = INCLUDE_SOURCE;
				MTL_FAST_MATH = YES;
				ONLY_ACTIVE_ARCH = YES;
				SDKROOT = iphoneos;
				SWIFT_ACTIVE_COMPILATION_CONDITIONS = DEBUG;
				SWIFT_OPTIMIZATION_LEVEL = "-Onone";
			};
			name = Debug;
		};
		4869F95D2A95CAE200BA3517 /* Release */ = {
			isa = XCBuildConfiguration;
			buildSettings = {
				ALWAYS_SEARCH_USER_PATHS = NO;
				CLANG_ANALYZER_NONNULL = YES;
				CLANG_ANALYZER_NUMBER_OBJECT_CONVERSION = YES_AGGRESSIVE;
				CLANG_CXX_LANGUAGE_STANDARD = "gnu++20";
				CLANG_ENABLE_MODULES = YES;
				CLANG_ENABLE_OBJC_ARC = YES;
				CLANG_ENABLE_OBJC_WEAK = YES;
				CLANG_WARN_BLOCK_CAPTURE_AUTORELEASING = YES;
				CLANG_WARN_BOOL_CONVERSION = YES;
				CLANG_WARN_COMMA = YES;
				CLANG_WARN_CONSTANT_CONVERSION = YES;
				CLANG_WARN_DEPRECATED_OBJC_IMPLEMENTATIONS = YES;
				CLANG_WARN_DIRECT_OBJC_ISA_USAGE = YES_ERROR;
				CLANG_WARN_DOCUMENTATION_COMMENTS = YES;
				CLANG_WARN_EMPTY_BODY = YES;
				CLANG_WARN_ENUM_CONVERSION = YES;
				CLANG_WARN_INFINITE_RECURSION = YES;
				CLANG_WARN_INT_CONVERSION = YES;
				CLANG_WARN_NON_LITERAL_NULL_CONVERSION = YES;
				CLANG_WARN_OBJC_IMPLICIT_RETAIN_SELF = YES;
				CLANG_WARN_OBJC_LITERAL_CONVERSION = YES;
				CLANG_WARN_OBJC_ROOT_CLASS = YES_ERROR;
				CLANG_WARN_QUOTED_INCLUDE_IN_FRAMEWORK_HEADER = YES;
				CLANG_WARN_RANGE_LOOP_ANALYSIS = YES;
				CLANG_WARN_STRICT_PROTOTYPES = YES;
				CLANG_WARN_SUSPICIOUS_MOVE = YES;
				CLANG_WARN_UNGUARDED_AVAILABILITY = YES_AGGRESSIVE;
				CLANG_WARN_UNREACHABLE_CODE = YES;
				CLANG_WARN__DUPLICATE_METHOD_MATCH = YES;
				COPY_PHASE_STRIP = NO;
				DEBUG_INFORMATION_FORMAT = "dwarf-with-dsym";
				ENABLE_NS_ASSERTIONS = NO;
				ENABLE_STRICT_OBJC_MSGSEND = YES;
				GCC_C_LANGUAGE_STANDARD = gnu11;
				GCC_NO_COMMON_BLOCKS = YES;
				GCC_WARN_64_TO_32_BIT_CONVERSION = YES;
				GCC_WARN_ABOUT_RETURN_TYPE = YES_ERROR;
				GCC_WARN_UNDECLARED_SELECTOR = YES;
				GCC_WARN_UNINITIALIZED_AUTOS = YES_AGGRESSIVE;
				GCC_WARN_UNUSED_FUNCTION = YES;
				GCC_WARN_UNUSED_VARIABLE = YES;
				IPHONEOS_DEPLOYMENT_TARGET = 16.4;
				MTL_ENABLE_DEBUG_INFO = NO;
				MTL_FAST_MATH = YES;
				SDKROOT = iphoneos;
				SWIFT_COMPILATION_MODE = wholemodule;
				SWIFT_OPTIMIZATION_LEVEL = "-O";
				VALIDATE_PRODUCT = YES;
			};
			name = Release;
		};
		4869F95F2A95CAE200BA3517 /* Debug */ = {
			isa = XCBuildConfiguration;
			buildSettings = {
				ASSETCATALOG_COMPILER_APPICON_NAME = AppIcon;
				ASSETCATALOG_COMPILER_GLOBAL_ACCENT_COLOR_NAME = AccentColor;
				CODE_SIGN_STYLE = Automatic;
				CURRENT_PROJECT_VERSION = 1;
				DEVELOPMENT_TEAM = 2S9WHYP486;
				GENERATE_INFOPLIST_FILE = YES;
				INFOPLIST_FILE = 0823hw/Info.plist;
				INFOPLIST_KEY_UIApplicationSupportsIndirectInputEvents = YES;
				INFOPLIST_KEY_UILaunchStoryboardName = LaunchScreen;
				INFOPLIST_KEY_UIMainStoryboardFile = Main;
				INFOPLIST_KEY_UISupportedInterfaceOrientations_iPad = "UIInterfaceOrientationPortrait UIInterfaceOrientationPortraitUpsideDown UIInterfaceOrientationLandscapeLeft UIInterfaceOrientationLandscapeRight";
				INFOPLIST_KEY_UISupportedInterfaceOrientations_iPhone = "UIInterfaceOrientationPortrait UIInterfaceOrientationLandscapeLeft UIInterfaceOrientationLandscapeRight";
				IPHONEOS_DEPLOYMENT_TARGET = 15.6;
				LD_RUNPATH_SEARCH_PATHS = (
					"$(inherited)",
					"@executable_path/Frameworks",
				);
				MARKETING_VERSION = 1.0;
				PRODUCT_BUNDLE_IDENTIFIER = "com.noah.-721hw";
				PRODUCT_NAME = "$(TARGET_NAME)";
				SWIFT_EMIT_LOC_STRINGS = YES;
				SWIFT_VERSION = 5.0;
				TARGETED_DEVICE_FAMILY = "1,2";
			};
			name = Debug;
		};
		4869F9602A95CAE200BA3517 /* Release */ = {
			isa = XCBuildConfiguration;
			buildSettings = {
				ASSETCATALOG_COMPILER_APPICON_NAME = AppIcon;
				ASSETCATALOG_COMPILER_GLOBAL_ACCENT_COLOR_NAME = AccentColor;
				CODE_SIGN_STYLE = Automatic;
				CURRENT_PROJECT_VERSION = 1;
				DEVELOPMENT_TEAM = 2S9WHYP486;
				GENERATE_INFOPLIST_FILE = YES;
				INFOPLIST_FILE = 0823hw/Info.plist;
				INFOPLIST_KEY_UIApplicationSupportsIndirectInputEvents = YES;
				INFOPLIST_KEY_UILaunchStoryboardName = LaunchScreen;
				INFOPLIST_KEY_UIMainStoryboardFile = Main;
				INFOPLIST_KEY_UISupportedInterfaceOrientations_iPad = "UIInterfaceOrientationPortrait UIInterfaceOrientationPortraitUpsideDown UIInterfaceOrientationLandscapeLeft UIInterfaceOrientationLandscapeRight";
				INFOPLIST_KEY_UISupportedInterfaceOrientations_iPhone = "UIInterfaceOrientationPortrait UIInterfaceOrientationLandscapeLeft UIInterfaceOrientationLandscapeRight";
				IPHONEOS_DEPLOYMENT_TARGET = 15.6;
				LD_RUNPATH_SEARCH_PATHS = (
					"$(inherited)",
					"@executable_path/Frameworks",
				);
				MARKETING_VERSION = 1.0;
				PRODUCT_BUNDLE_IDENTIFIER = "com.noah.-721hw";
				PRODUCT_NAME = "$(TARGET_NAME)";
				SWIFT_EMIT_LOC_STRINGS = YES;
				SWIFT_VERSION = 5.0;
				TARGETED_DEVICE_FAMILY = "1,2";
			};
			name = Release;
		};
/* End XCBuildConfiguration section */

/* Begin XCConfigurationList section */
		4869F9452A95CAE100BA3517 /* Build configuration list for PBXProject "0823hw" */ = {
			isa = XCConfigurationList;
			buildConfigurations = (
				4869F95C2A95CAE200BA3517 /* Debug */,
				4869F95D2A95CAE200BA3517 /* Release */,
			);
			defaultConfigurationIsVisible = 0;
			defaultConfigurationName = Release;
		};
		4869F95E2A95CAE200BA3517 /* Build configuration list for PBXNativeTarget "0823hw" */ = {
			isa = XCConfigurationList;
			buildConfigurations = (
				4869F95F2A95CAE200BA3517 /* Debug */,
				4869F9602A95CAE200BA3517 /* Release */,
			);
			defaultConfigurationIsVisible = 0;
			defaultConfigurationName = Release;
		};
/* End XCConfigurationList section */

/* Begin XCRemoteSwiftPackageReference section */
		4869F9642A95DA3F00BA3517 /* XCRemoteSwiftPackageReference "SnapKit" */ = {
			isa = XCRemoteSwiftPackageReference;
			repositoryURL = "https://github.com/SnapKit/SnapKit";
			requirement = {
				kind = upToNextMajorVersion;
				minimumVersion = 5.0.0;
			};
		};
/* End XCRemoteSwiftPackageReference section */

/* Begin XCSwiftPackageProductDependency section */
		4869F9652A95DA3F00BA3517 /* SnapKit */ = {
			isa = XCSwiftPackageProductDependency;
			package = 4869F9642A95DA3F00BA3517 /* XCRemoteSwiftPackageReference "SnapKit" */;
			productName = SnapKit;
		};
/* End XCSwiftPackageProductDependency section */
	};
	rootObject = 4869F9422A95CAE100BA3517 /* Project object */;
}
